// !$*UTF8*$!
{
	archiveVersion = 1;
	classes = {
	};
	objectVersion = 77;
	objects = {

/* Begin PBXBuildFile section */
		000000000F85C9D1A8C1F86B /* JCrossIRGenerator.swift in Sources */ = {isa = PBXBuildFile; fileRef = FFFFFFFFE230D0F295F4950E /* JCrossIRGenerator.swift */; };
		009AA89ACB24F3C04940719B /* CIValidationEngine.swift in Sources */ = {isa = PBXBuildFile; fileRef = 82124E09CAF3AD73FCD889F2 /* CIValidationEngine.swift */; };
		01CE941270A2625978ADF74A /* SettingsView.swift in Sources */ = {isa = PBXBuildFile; fileRef = 851696E9486FDE35D2146141 /* SettingsView.swift */; };
		049BFE44D04F9FA1E5027996 /* BrowserBridge.swift in Sources */ = {isa = PBXBuildFile; fileRef = 6C6D2F73754A7AA12136F9AC /* BrowserBridge.swift */; };
		05A047EA46A5C3ACB146C539 /* DiffPanelView.swift in Sources */ = {isa = PBXBuildFile; fileRef = 0676432D69FA1C167E518CC9 /* DiffPanelView.swift */; };
		0605DD8BC9404A4E4B4CC5C0 /* ProjectSearchEngine.swift in Sources */ = {isa = PBXBuildFile; fileRef = E971F2B1D5DB17E123A1D707 /* ProjectSearchEngine.swift */; };
		063C31681BE4EF7B25545E70 /* SessionMemoryArchiver.swift in Sources */ = {isa = PBXBuildFile; fileRef = 4715DEA9AE93CD28B0ED158E /* SessionMemoryArchiver.swift */; };
		0823DE084BDF1591DC46122E /* AgentProtocol.swift in Sources */ = {isa = PBXBuildFile; fileRef = 0B88FBBD511D4700CD23A354 /* AgentProtocol.swift */; };
		0A63761D3E2C49ED80D1D4A9 /* MLXRunner.swift in Sources */ = {isa = PBXBuildFile; fileRef = E9A706F7BAC4CFDA999E202D /* MLXRunner.swift */; };
		0D4B76D739C32EFAAC10D844 /* PrivacyShieldView.swift in Sources */ = {isa = PBXBuildFile; fileRef = AF413A3E752CA6446C0FD0A7 /* PrivacyShieldView.swift */; };
		0DA8357EFE373A06984D6B27 /* SideBySideDiffView.swift in Sources */ = {isa = PBXBuildFile; fileRef = 77A7E899F70A18AE4543BB93 /* SideBySideDiffView.swift */; };
		0E5127FD5E548E540E0F78B4 /* LANG_JA.jcross in Resources */ = {isa = PBXBuildFile; fileRef = 5B05C577E91E4CFEE01927A8 /* LANG_JA.jcross */; };
		0F048CDC423D4D2199EF12CE /* VaultPatcher.swift in Sources */ = {isa = PBXBuildFile; fileRef = 4A3AEEEA5B7E43A2AD21C18C /* VaultPatcher.swift */; };
		0F2343EF3C5679D871DEC983 /* AgentTool.swift in Sources */ = {isa = PBXBuildFile; fileRef = C4FB2130D8251C87DD0E8274 /* AgentTool.swift */; };
		116243C0847D450C995458A0 /* BitNetIntentTranslator.swift in Sources */ = {isa = PBXBuildFile; fileRef = 7411E3441E3C4377A92C1FA3 /* BitNetIntentTranslator.swift */; };
		17713B505E12627E142F65ED /* MLXLLM in Frameworks */ = {isa = PBXBuildFile; productRef = AD2463FBE07B767ADB2B3207 /* MLXLLM */; };
		1D1F295ABFF2C56A98DBFC51 /* BitNetEngine.swift in Sources */ = {isa = PBXBuildFile; fileRef = 4FDBA7E356F5D044B1D6FB4F /* BitNetEngine.swift */; };
		28F98E2050AE4CFB91598A2A /* GatekeeperPromptBuilder.swift in Sources */ = {isa = PBXBuildFile; fileRef = AF9A8110B0E74033A5013462 /* GatekeeperPromptBuilder.swift */; };
		292F06655B38F087BBD57724 /* FileTreeView.swift in Sources */ = {isa = PBXBuildFile; fileRef = 263AF59FC377D184685C7A9F /* FileTreeView.swift */; };
		2A157FE40BA2CAF92EB95439 /* JCrossVault.swift in Sources */ = {isa = PBXBuildFile; fileRef = B14716FA534312190560AB6A /* JCrossVault.swift */; };
		2ADECEA0D5A96A7DA1CF8671 /* fix_buttons.py in Resources */ = {isa = PBXBuildFile; fileRef = 61BBD49ADB9A047E879B1CB4 /* fix_buttons.py */; };
		2AF33ACDDE0936E1E228EC3F /* ReActRetryEngine.swift in Sources */ = {isa = PBXBuildFile; fileRef = 2A7DCA57A2244AE68DD5782C /* ReActRetryEngine.swift */; };
		2B20F7F1B2F19DC07E1559EF /* StatusBarView.swift in Sources */ = {isa = PBXBuildFile; fileRef = 727212A297B010E2A72ED242 /* StatusBarView.swift */; };
		2D086BA163E0E928B1279C8D /* ProcessMonitor.swift in Sources */ = {isa = PBXBuildFile; fileRef = F44CAB73FDB0C158EBDCFA1A /* ProcessMonitor.swift */; };
		2F760D109542A73A9E171BB6 /* Assets.xcassets in Resources */ = {isa = PBXBuildFile; fileRef = 912679EC0A7C2086CAB2481C /* Assets.xcassets */; };
		2FD9EF11693270F332F39324 /* GemmaWorkerAgent.swift in Sources */ = {isa = PBXBuildFile; fileRef = 51708B97DCE7A7E97A526E06 /* GemmaWorkerAgent.swift */; };
		302978F1B371B48CF5673CC8 /* ThinkingLogView.swift in Sources */ = {isa = PBXBuildFile; fileRef = 0990B0239FC0773B512E1863 /* ThinkingLogView.swift */; };
		38463790F63CCF562DE29226 /* WebSearchEngine.swift in Sources */ = {isa = PBXBuildFile; fileRef = 238D55123A3C10747F1E2D53 /* WebSearchEngine.swift */; };
		3923921A44C6926DA4F00837 /* ParanoiaModeView.swift in Sources */ = {isa = PBXBuildFile; fileRef = 8CE028571C7727001A93D813 /* ParanoiaModeView.swift */; };
		3AEA0F47626531CB4448C096 /* DiffEngine.swift in Sources */ = {isa = PBXBuildFile; fileRef = 4BEAFD1ACA2A20312B98C1A6 /* DiffEngine.swift */; };
		3C8CA19BE1871898914F0107 /* CommanderOrchestrator.swift in Sources */ = {isa = PBXBuildFile; fileRef = 2C104D5FD2ECBC5A28DAD5DB /* CommanderOrchestrator.swift */; };
		3D65C40A8DC505214322CDD0 /* ToastView.swift in Sources */ = {isa = PBXBuildFile; fileRef = 34F90A23BE1370B3E68FB7BC /* ToastView.swift */; };
		3F1B80C6D82B6A3790D91100 /* SystemStatusProvider.swift in Sources */ = {isa = PBXBuildFile; fileRef = CC64605A62447966FFDB2270 /* SystemStatusProvider.swift */; };
		3F9E4EF9271386BF6A52DCD3 /* ConfusionDetector.swift in Sources */ = {isa = PBXBuildFile; fileRef = 9D36BF87217C8FFC0D2167A8 /* ConfusionDetector.swift */; };
		448668BF882942F42622B242 /* HumanPriorityModeView.swift in Sources */ = {isa = PBXBuildFile; fileRef = F711FCE04B7F543283D75B33 /* HumanPriorityModeView.swift */; };
		4534A76066B05809D9418D5E /* GitEngine.swift in Sources */ = {isa = PBXBuildFile; fileRef = E59C2757F9347B7DAAEFA26B /* GitEngine.swift */; };
		48F51C67C99298620A818B17 /* ArtifactPanelView.swift in Sources */ = {isa = PBXBuildFile; fileRef = AED86DB27ADB39B085949F6D /* ArtifactPanelView.swift */; };
		4CA514393373A7E7EA4023DC /* HumanProofPuzzleView.swift in Sources */ = {isa = PBXBuildFile; fileRef = 222B717E3ED224726F4A61F7 /* HumanProofPuzzleView.swift */; };
		4EDE4C47715B4E11A8E0F09C /* GlobalTaskSupervisor.swift in Sources */ = {isa = PBXBuildFile; fileRef = E565BF43EF70484781440C36 /* GlobalTaskSupervisor.swift */; };
		4F74BBA8D8892CF5A08BFEAC /* AgentLoop.swift in Sources */ = {isa = PBXBuildFile; fileRef = ABE4F19CD033EC88CE775297 /* AgentLoop.swift */; };
		506021C3BDB86670D434BBE7 /* CloudAPIClient.swift in Sources */ = {isa = PBXBuildFile; fileRef = CCB5E227D30DCFCF698F28FD /* CloudAPIClient.swift */; };
		525874995CEE5ACAA12F838A /* SyntaxHighlighter.swift in Sources */ = {isa = PBXBuildFile; fileRef = F44C7CACCD10CB9F7836B4A7 /* SyntaxHighlighter.swift */; };
		5501BBD59DC8AA6357BA1F92 /* MCPView.swift in Sources */ = {isa = PBXBuildFile; fileRef = FA5721938F21F94496234B39 /* MCPView.swift */; };
		5569CAB30AF2182A310F2EEC /* VSIXPackageManager.swift in Sources */ = {isa = PBXBuildFile; fileRef = 37801484CD89AA2C31BB003B /* VSIXPackageManager.swift */; };
		56C84CFCE34DEB7E57B8F7A6 /* SessionHistoryView.swift in Sources */ = {isa = PBXBuildFile; fileRef = 8DF2C2D7BE640032534C82B6 /* SessionHistoryView.swift */; };
		57CC8D875A2870E56B674276 /* MainSplitView.swift in Sources */ = {isa = PBXBuildFile; fileRef = 5B5F0016C4911F099545301D /* MainSplitView.swift */; };
		582245E341F93D3E1ECE5CBF /* WorkspaceManager.swift in Sources */ = {isa = PBXBuildFile; fileRef = DD8BBB55D4627EE66EB79331 /* WorkspaceManager.swift */; };
		594BC611B1DEF191393D59F9 /* SelfEvolutionEngine.swift in Sources */ = {isa = PBXBuildFile; fileRef = FD764117A5A2F1DF19239197 /* SelfEvolutionEngine.swift */; };
		59EAC9E119F8AC2E5605B21B /* PipelineLaunchSheet.swift in Sources */ = {isa = PBXBuildFile; fileRef = BBEE7AD08B047D2FA3942F97 /* PipelineLaunchSheet.swift */; };
		5B221D76CBAF7F8637DD80F9 /* MLX in Frameworks */ = {isa = PBXBuildFile; productRef = E7B730AC2C30A6B4C265330D /* MLX */; };
		5B95A73EC48D4138BFC3B0EB /* WHYHookInstaller.swift in Sources */ = {isa = PBXBuildFile; fileRef = 2CD4D22F7A594267A8753A2D /* WHYHookInstaller.swift */; };
		5BCBF6FA95B78375C6615004 /* Transformers in Frameworks */ = {isa = PBXBuildFile; productRef = 4B24BD083022CA071C0C39AE /* Transformers */; };
		5BE112ECAC41ABDF3BB82720 /* SafeModeGuard.swift in Sources */ = {isa = PBXBuildFile; fileRef = 7C9FE30F142E8AF8939962E9 /* SafeModeGuard.swift */; };
		5D4A7EAAD9BF0D3CF9C33920 /* IRVerificationEngine.swift in Sources */ = {isa = PBXBuildFile; fileRef = 2C59A7E170FECA33B0C3ED7C /* IRVerificationEngine.swift */; };
		5F68DE6E859934383518EAE3 /* VideoSpinnerView.swift in Sources */ = {isa = PBXBuildFile; fileRef = 5C47521A9ADAA9B5FC88D03F /* VideoSpinnerView.swift */; };
		613080FA212B52D49E55B8F5 /* SearchIntentClassifier.swift in Sources */ = {isa = PBXBuildFile; fileRef = 4C1EF907F3D2DAFE9C6DD396 /* SearchIntentClassifier.swift */; };
		6487CFD83CCDBACD460D6864 /* LANG_EN.jcross in Resources */ = {isa = PBXBuildFile; fileRef = BDF53C5CBC7086C230A40059 /* LANG_EN.jcross */; };
		67220C2AC45C9B70A66D4AF7 /* ExtensionHostManager.swift in Sources */ = {isa = PBXBuildFile; fileRef = 963D2E75D48C41E73EAE0FD6 /* ExtensionHostManager.swift */; };
		677C549E0668E99BB52F8B67 /* GlobalSearchView.swift in Sources */ = {isa = PBXBuildFile; fileRef = FC9192674D202E8F1A730FF3 /* GlobalSearchView.swift */; };
		68D9E9DDCC49B81DFC97C1C3 /* AIModeLayoutView.swift in Sources */ = {isa = PBXBuildFile; fileRef = 5D2CA6EE3E2A84DCD0D6179E /* AIModeLayoutView.swift */; };
		6A1D5B5E20A4404268C75D67 /* SelfEvolutionView.swift in Sources */ = {isa = PBXBuildFile; fileRef = 11B59AAFEB592888A37115C3 /* SelfEvolutionView.swift */; };
		6A617297591B18BBB925C31D /* ExtensionUIPanelView.swift in Sources */ = {isa = PBXBuildFile; fileRef = 18ADC885663D166B988131F6 /* ExtensionUIPanelView.swift */; };
		6BB887B21FC52C9D5FA5BA32 /* CommandManager.swift in Sources */ = {isa = PBXBuildFile; fileRef = 15486973E28CF61E59D8C702 /* CommandManager.swift */; };
		6CF063A4285D3104180FEE2B /* CodeView.swift in Sources */ = {isa = PBXBuildFile; fileRef = 57CFECC2C82E892A9FB5DEF5 /* CodeView.swift */; };
		72662D2EC9F582795A04936C /* SimpleJCrossTranspiler.swift in Sources */ = {isa = PBXBuildFile; fileRef = 1B99ABA9CD8F1879B2BFA33E /* SimpleJCrossTranspiler.swift */; };
		74716BFE363BFF66BF180656 /* ResizableSplit.swift in Sources */ = {isa = PBXBuildFile; fileRef = 2123AA8E95CFC74CF0FA42F4 /* ResizableSplit.swift */; };
		767AECB5C753A290ADB44E93 /* AppLanguage.swift in Sources */ = {isa = PBXBuildFile; fileRef = E93C2041C7D910D0DCA7A80B /* AppLanguage.swift */; };
		77111CABD5E81DE95EFB8144 /* SelfUpdater.swift in Sources */ = {isa = PBXBuildFile; fileRef = 1A5D0AA47B4834E94B2C633D /* SelfUpdater.swift */; };
		79B9E40D24E24D7FBE441055 /* JCross3DGraph.swift in Sources */ = {isa = PBXBuildFile; fileRef = 7042BB94F70341019475EE90 /* JCross3DGraph.swift */; };
		7C76F52B3661495C92048C93 /* LanguageManager.swift in Sources */ = {isa = PBXBuildFile; fileRef = 674A38A3D3F9A65C3671CB3A /* LanguageManager.swift */; };
		7CA969BFE91C612D890DBE8B /* VXTimeline.swift in Sources */ = {isa = PBXBuildFile; fileRef = 738FB55C5C3A6DA181BBAC71 /* VXTimeline.swift */; };
		80DE4897A50F014CBA6D329A /* AdversarialNoiseEngine.swift in Sources */ = {isa = PBXBuildFile; fileRef = 2F1F34F5146665466BAE2AE4 /* AdversarialNoiseEngine.swift */; };
		81CDD3782608E05A14C9A31D /* OllamaClient.swift in Sources */ = {isa = PBXBuildFile; fileRef = 4E2075CF721733CD4BDFF767 /* OllamaClient.swift */; };
		8294174FB8595F1ED64FBE22 /* MCPCatalog.swift in Sources */ = {isa = PBXBuildFile; fileRef = F7D9BA197BE986453F9327E6 /* MCPCatalog.swift */; };
		830E1B4FD07FA788D91A09C0 /* VerantyxApp.swift in Sources */ = {isa = PBXBuildFile; fileRef = 17D6335B9FE38BA61EA5696E /* VerantyxApp.swift */; };
		8459317BDA672E4A74B7A880 /* MCPQuickPanel.swift in Sources */ = {isa = PBXBuildFile; fileRef = E54EB9A5249E83F7D28508B5 /* MCPQuickPanel.swift */; };
		85B7A15BC456245C0297FB00 /* GatekeeperPipelineOrchestrator.swift in Sources */ = {isa = PBXBuildFile; fileRef = 25F7D481204D749C37825CCC /* GatekeeperPipelineOrchestrator.swift */; };
		873D3FC00C4F078899FDC94A /* AgentChatView.swift in Sources */ = {isa = PBXBuildFile; fileRef = 7FAD3FEA3C1BF9C20D0FBE9C /* AgentChatView.swift */; };
		89FE671025F95110FBA5F027 /* HallucinationDetector.swift in Sources */ = {isa = PBXBuildFile; fileRef = F1B37910C6FAB77189D61D18 /* HallucinationDetector.swift */; };
		8BA0DCC666802E078E7EFB1F /* RoutingSessionLogger.swift in Sources */ = {isa = PBXBuildFile; fileRef = FD2D56072A05DD684E140FBA /* RoutingSessionLogger.swift */; };
		8FFC9E798AF089A6D53B3E2D /* ParanoiaEngine.swift in Sources */ = {isa = PBXBuildFile; fileRef = 802C57C641342AF0523401B9 /* ParanoiaEngine.swift */; };
		91BD0091831CD3B48278D8C3 /* PreflightSearchEngine.swift in Sources */ = {isa = PBXBuildFile; fileRef = EDA3819E2975C008C2AB74CA /* PreflightSearchEngine.swift */; };
		91E75540DE12C2D5817A4F98 /* GatekeeperModeView.swift in Sources */ = {isa = PBXBuildFile; fileRef = 958BAC7C28485B57B8645293 /* GatekeeperModeView.swift */; };
		92E791D6ABFE999BD43BB455 /* FileApprovalRequest.swift in Sources */ = {isa = PBXBuildFile; fileRef = 7080AB9210D9A7D70EA9EE4B /* FileApprovalRequest.swift */; };
		92FCF716C85EB142F0F687C0 /* TerminalPanelView.swift in Sources */ = {isa = PBXBuildFile; fileRef = 91CC363258520DDB5548056F /* TerminalPanelView.swift */; };
		94555D9271DE23CB6C675172 /* ExtensionWebView.swift in Sources */ = {isa = PBXBuildFile; fileRef = E6D9AEEC8A3B9CB2109BEE11 /* ExtensionWebView.swift */; };
		96B9213F6B0070B3B58D8117 /* ChatPanelView.swift in Sources */ = {isa = PBXBuildFile; fileRef = 338130D0F6553F90814F3B05 /* ChatPanelView.swift */; };
		97FF46FD8B90BA8AB99E9E0C /* ArtifactEngine.swift in Sources */ = {isa = PBXBuildFile; fileRef = 3CC9F15B047763755800F66C /* ArtifactEngine.swift */; };
		9C70A544A0D60735A6DFBE68 /* LoadedModelPanel.swift in Sources */ = {isa = PBXBuildFile; fileRef = FA4357406F455A9288CA61BF /* LoadedModelPanel.swift */; };
		9C9ED81BDF308D02E607AF29 /* ContextBudgetManager.swift in Sources */ = {isa = PBXBuildFile; fileRef = 8D373F57072F08514D5CEAB6 /* ContextBudgetManager.swift */; };
		9E8D6A814ED802A47816F3B3 /* GatekeeperStatusPill.swift in Sources */ = {isa = PBXBuildFile; fileRef = F8C5FC3977F3C5C0744E20DF /* GatekeeperStatusPill.swift */; };
		9EB064D5F7759F91D80010F2 /* GatekeeperChatBridge.swift in Sources */ = {isa = PBXBuildFile; fileRef = C713F382D24C4B33C0432561 /* GatekeeperChatBridge.swift */; };
		9FACB868D7B1ACC2D6C67C17 /* GitHubPREngine.swift in Sources */ = {isa = PBXBuildFile; fileRef = 892959B83A4902F0E159A8D3 /* GitHubPREngine.swift */; };
		9FB76DC5C4E4B0DF21FDCACD /* MLXRandom in Frameworks */ = {isa = PBXBuildFile; productRef = A68E46F8CFDC14DEF2D55FC5 /* MLXRandom */; };
		A068BE0BBA45E5C676FE6B0A /* GatekeeperDashboardView.swift in Sources */ = {isa = PBXBuildFile; fileRef = E43C586B09E48A7D2D0ECF9F /* GatekeeperDashboardView.swift */; };
		A305FA7B458D078C9C91C8B9 /* OllamaNEREngine.swift in Sources */ = {isa = PBXBuildFile; fileRef = EFD1C95353C3772E36EF6170 /* OllamaNEREngine.swift */; };
		A531E331E9BA5755DA223AAB /* HybridEngine.swift in Sources */ = {isa = PBXBuildFile; fileRef = 92AED536E86FE739129AF444 /* HybridEngine.swift */; };
		A5350F03EAF2B9602619D5C0 /* MCPEngine.swift in Sources */ = {isa = PBXBuildFile; fileRef = 2DAA99AF46D25BCBCE4FD6D8 /* MCPEngine.swift */; };
		A5CE60DC514964475C1E016D /* SessionStore.swift in Sources */ = {isa = PBXBuildFile; fileRef = 5E25ED97B6E6911D707BD1B2 /* SessionStore.swift */; };
		A6FB0E5DAFC79CA704D67754 /* AppleScriptBridge.swift in Sources */ = {isa = PBXBuildFile; fileRef = 2EC500C787B15580CEAAC2B1 /* AppleScriptBridge.swift */; };
		AA206EDCF6346F943DABEAEA /* BrowserBridgePool.swift in Sources */ = {isa = PBXBuildFile; fileRef = 54B5ECC36A41308D1A447C6B /* BrowserBridgePool.swift */; };
		AABBCC998877665544332211 /* NSLockExtension.swift in Sources */ = {isa = PBXBuildFile; fileRef = AABBCC001122334455667788 /* NSLockExtension.swift */; };
		ACA60910306B6633C64F0331 /* GitPanelView.swift in Sources */ = {isa = PBXBuildFile; fileRef = D73DBEC823822E319BD7F8F8 /* GitPanelView.swift */; };
		AD8566D92AA33E313920FE16 /* ExtensionStoreView.swift in Sources */ = {isa = PBXBuildFile; fileRef = 47FA680F5734A82C0C9DEF07 /* ExtensionStoreView.swift */; };
		AFC9594BCFC04877B45CE8D3 /* GatekeeperPipeline.swift in Sources */ = {isa = PBXBuildFile; fileRef = B5363A85819943E0B0C0FB50 /* GatekeeperPipeline.swift */; };
		AFF65A73F924B77D95CD4101 /* BitNetCommanderLoop.swift in Sources */ = {isa = PBXBuildFile; fileRef = 54EFB20852A1B2E15033CD94 /* BitNetCommanderLoop.swift */; };
		B45B91B1E8B74BEC9368674D /* GatekeeperLLMProvider.swift in Sources */ = {isa = PBXBuildFile; fileRef = 3CAF8DF8FE7D412EAF889986 /* GatekeeperLLMProvider.swift */; };
		B52789DCD8EAE7239166FF93 /* ExtensionUIManager.swift in Sources */ = {isa = PBXBuildFile; fileRef = C5556F027C38828945F45A56 /* ExtensionUIManager.swift */; };
		B54F640122EABF79E5A97241 /* QwenVideoAnalyzer.swift in Sources */ = {isa = PBXBuildFile; fileRef = 73A12C23B1AA597A4C3B999C /* QwenVideoAnalyzer.swift */; };
		B884045A274BBF1ED1CC5671 /* CognitiveAnchorEngine.swift in Sources */ = {isa = PBXBuildFile; fileRef = 61729DFC383313B9C592BBF0 /* CognitiveAnchorEngine.swift */; };
		BAA142F996EB155712321FA7 /* AgentEngine.swift in Sources */ = {isa = PBXBuildFile; fileRef = 8900CE64BBFB018EC941426D /* AgentEngine.swift */; };
		BDA3395893352F98E06E14CB /* VideoClipManager.swift in Sources */ = {isa = PBXBuildFile; fileRef = C801F7BC0A711368DE98915B /* VideoClipManager.swift */; };
		BEF9F14817B22033B7C21FF3 /* LineNumberRulerView.swift in Sources */ = {isa = PBXBuildFile; fileRef = 2BFB887DDE9900527D1F5215 /* LineNumberRulerView.swift */; };
		C800E90F93B8858A3599F8EB /* PrivacyGateway.swift in Sources */ = {isa = PBXBuildFile; fileRef = 331E574E58724DD018686E55 /* PrivacyGateway.swift */; };
		C83E94430434C73847F73495 /* GatekeeperModeState.swift in Sources */ = {isa = PBXBuildFile; fileRef = E04988E846BDF12ABE7CA2C8 /* GatekeeperModeState.swift */; };
		C9E77D6AF352402569B146D8 /* GatekeeperMCPServer.swift in Sources */ = {isa = PBXBuildFile; fileRef = 3CBA48D7ADFF031549B1C0FB /* GatekeeperMCPServer.swift */; };
		CBA8CC0CFC6D568A24779F4E /* GatekeeperDashboardViewModel.swift in Sources */ = {isa = PBXBuildFile; fileRef = C4126206A90B4B46B2886FB9 /* GatekeeperDashboardViewModel.swift */; };
		CC3E778B05DF8F656B61629C /* TranspilationPipeline.swift in Sources */ = {isa = PBXBuildFile; fileRef = 9D4599129F5B80289E52A083 /* TranspilationPipeline.swift */; };
		CCDDEE998877665544332200 /* JCrossObfuscationEngine.swift in Sources */ = {isa = PBXBuildFile; fileRef = CCDDEE001122334455667700 /* JCrossObfuscationEngine.swift */; };
		CE28C9ABFAE13B88058FE3BD /* MCPBridgeLauncher.swift in Sources */ = {isa = PBXBuildFile; fileRef = A08BAD9B20922AE1AD21549B /* MCPBridgeLauncher.swift */; };
		CE8DA84E897F3E14549A7FFE /* SkillLibrary.swift in Sources */ = {isa = PBXBuildFile; fileRef = 1D2BF39536A4169EC367F0A5 /* SkillLibrary.swift */; };
		D0FF95C994AB72F0F3FAB887 /* JCrossCodeTranspiler.swift in Sources */ = {isa = PBXBuildFile; fileRef = DF3F75F5D141E0189A08FF7B /* JCrossCodeTranspiler.swift */; };
		D192605352E34548995FAB7F /* GatekeeperPipelineSettingsView.swift in Sources */ = {isa = PBXBuildFile; fileRef = 6F074879BF26422D9682AA07 /* GatekeeperPipelineSettingsView.swift */; };
		D38B10B52D88BBB770793AB6 /* AppState.swift in Sources */ = {isa = PBXBuildFile; fileRef = BBFBBB5831368FECD08DF846 /* AppState.swift */; };
		D859626ADD63FE4C3A654464 /* L25IndexEngine.swift in Sources */ = {isa = PBXBuildFile; fileRef = 2CAFC26D99D4C6ED1948D362 /* L25IndexEngine.swift */; };
		DCE174A0A5C275ADA7206152 /* CortexEngine.swift in Sources */ = {isa = PBXBuildFile; fileRef = DC25A03DB54A65B9B740D72A /* CortexEngine.swift */; };
		E10AEE3887CBE00909E0A19A /* JCrossSchemaGenerator.swift in Sources */ = {isa = PBXBuildFile; fileRef = 6C51EFB7C797A6BDE324F322 /* JCrossSchemaGenerator.swift */; };
		E193B3F257129C787F9BC6E6 /* ClaudeSystemPromptBuilder.swift in Sources */ = {isa = PBXBuildFile; fileRef = 1240D3EAA3FE1CCBF61CD3CA /* ClaudeSystemPromptBuilder.swift */; };
		E20AAC60A7025E03BC9B818A /* BitNetL1Tagger.swift in Sources */ = {isa = PBXBuildFile; fileRef = 19116FA01BD2FF3991F62DD3 /* BitNetL1Tagger.swift */; };
		E5B60910BD05069944CEEFBC /* NotificationNames.swift in Sources */ = {isa = PBXBuildFile; fileRef = D5374CF26AFCD56A976E7EAC /* NotificationNames.swift */; };
		EE363EE394F30B118F9860E1 /* WorkspaceFileSystem.swift in Sources */ = {isa = PBXBuildFile; fileRef = 6E6A5B698998E7C8A4616F85 /* WorkspaceFileSystem.swift */; };
		EE74EE6CF57C547F2B8C755B /* LSPClient.swift in Sources */ = {isa = PBXBuildFile; fileRef = C89205FA09399969AB889C56 /* LSPClient.swift */; };
		EED9C02CE7107E3FB30D6391 /* RepoMapEngine.swift in Sources */ = {isa = PBXBuildFile; fileRef = 0530516815C4965D10EF8506 /* RepoMapEngine.swift */; };
		EFB61FE0375DABC3AE733DFC /* AttachmentManager.swift in Sources */ = {isa = PBXBuildFile; fileRef = 37B0DCDAD39999CBC0A66718 /* AttachmentManager.swift */; };
		F18CCD15A913F15F96F0381A /* ActivityBarView.swift in Sources */ = {isa = PBXBuildFile; fileRef = 4DC28C3194186DC74952BEAC /* ActivityBarView.swift */; };
		F3B24E9BE65F23A9DE26AEE2 /* TerminalRunner.swift in Sources */ = {isa = PBXBuildFile; fileRef = A5E5B4F881C230B229B05580 /* TerminalRunner.swift */; };
		F50960E5152546904E208F3B /* ChatTranscriptView.swift in Sources */ = {isa = PBXBuildFile; fileRef = FDAEF1C9CB541AAA58E4FB8E /* ChatTranscriptView.swift */; };
		F5B0F3AAA1766CA3332BBF3D /* LanguageDetector.swift in Sources */ = {isa = PBXBuildFile; fileRef = 8F542870A057959E5B83A9A4 /* LanguageDetector.swift */; };
		F999748874AF05602BF67DCB /* Counter.swift in Sources */ = {isa = PBXBuildFile; fileRef = CEE54E7C0348CE92B4AE07FD /* Counter.swift */; };
		FBB199AFD6094D13972BA142 /* GatekeeperMemoryProtocol.swift in Sources */ = {isa = PBXBuildFile; fileRef = AC946FA6BD394318BB8880A6 /* GatekeeperMemoryProtocol.swift */; };
		FBC092ADE581586CB3217611 /* VXMarkView.swift in Sources */ = {isa = PBXBuildFile; fileRef = B542227025FB98F4433139B0 /* VXMarkView.swift */; };
		FC30D048578E58D554A2F9D5 /* PrivacyProxy.swift in Sources */ = {isa = PBXBuildFile; fileRef = 22B0F334C1BF16C8A60C5017 /* PrivacyProxy.swift */; };
		FC978D5B524A15C148D3752B /* JCrossIRParser.swift in Sources */ = {isa = PBXBuildFile; fileRef = 117E91B505C3122D97651720 /* JCrossIRParser.swift */; };
		FD5F0162AED44E829748DF5F /* CortexOnboardingSheet.swift in Sources */ = {isa = PBXBuildFile; fileRef = 025E206375BC2AD36FD097AF /* CortexOnboardingSheet.swift */; };
		FEFCB05405C03DAA13B2EC4A /* JCrossPatchValidator.swift in Sources */ = {isa = PBXBuildFile; fileRef = AD5C5CDDD9AD4603570A6E8E /* JCrossPatchValidator.swift */; };
		FF66D98B3AE3259064C28D2B /* SearchGate.swift in Sources */ = {isa = PBXBuildFile; fileRef = CA4BE668CB8CC9C29C1AAA35 /* SearchGate.swift */; };
		FFFFFFFF93EB51FF8BC39691 /* JCrossIRPatcher.swift in Sources */ = {isa = PBXBuildFile; fileRef = FFFFFFFF8CCD5AFE59C4EA0D /* JCrossIRPatcher.swift */; };
		FFFFFFFFA4B25553E3B21D3D /* LiteralExtractor.swift in Sources */ = {isa = PBXBuildFile; fileRef = FFFFFFFFC428937632D3F66F /* LiteralExtractor.swift */; };
		FFFFFFFFBDB7EB41A9406CB7 /* JCrossIRVault.swift in Sources */ = {isa = PBXBuildFile; fileRef = 000000000EB80082E82014EE /* JCrossIRVault.swift */; };
		FFFFFFFFBF4C184057F40DC2 /* JCrossIR6Axis.swift in Sources */ = {isa = PBXBuildFile; fileRef = 0000000076B3881A6927938D /* JCrossIR6Axis.swift */; };
		FFFFFFFFE57ACEAAF497FFEB /* JCrossZAxisVault.swift in Sources */ = {isa = PBXBuildFile; fileRef = FFFFFFFF8D381BA5C881873E /* JCrossZAxisVault.swift */; };
/* End PBXBuildFile section */

/* Begin PBXFileReference section */
		000000000EB80082E82014EE /* JCrossIRVault.swift */ = {isa = PBXFileReference; lastKnownFileType = sourcecode.swift; path = JCrossIRVault.swift; sourceTree = "<group>"; };
		0000000076B3881A6927938D /* JCrossIR6Axis.swift */ = {isa = PBXFileReference; lastKnownFileType = sourcecode.swift; path = JCrossIR6Axis.swift; sourceTree = "<group>"; };
		025E206375BC2AD36FD097AF /* CortexOnboardingSheet.swift */ = {isa = PBXFileReference; lastKnownFileType = sourcecode.swift; path = CortexOnboardingSheet.swift; sourceTree = "<group>"; };
		0530516815C4965D10EF8506 /* RepoMapEngine.swift */ = {isa = PBXFileReference; lastKnownFileType = sourcecode.swift; path = RepoMapEngine.swift; sourceTree = "<group>"; };
		0676432D69FA1C167E518CC9 /* DiffPanelView.swift */ = {isa = PBXFileReference; lastKnownFileType = sourcecode.swift; path = DiffPanelView.swift; sourceTree = "<group>"; };
		0990B0239FC0773B512E1863 /* ThinkingLogView.swift */ = {isa = PBXFileReference; lastKnownFileType = sourcecode.swift; path = ThinkingLogView.swift; sourceTree = "<group>"; };
		0B88FBBD511D4700CD23A354 /* AgentProtocol.swift */ = {isa = PBXFileReference; lastKnownFileType = sourcecode.swift; path = AgentProtocol.swift; sourceTree = "<group>"; };
		117E91B505C3122D97651720 /* JCrossIRParser.swift */ = {isa = PBXFileReference; lastKnownFileType = sourcecode.swift; path = JCrossIRParser.swift; sourceTree = "<group>"; };
		11B59AAFEB592888A37115C3 /* SelfEvolutionView.swift */ = {isa = PBXFileReference; lastKnownFileType = sourcecode.swift; path = SelfEvolutionView.swift; sourceTree = "<group>"; };
		1240D3EAA3FE1CCBF61CD3CA /* ClaudeSystemPromptBuilder.swift */ = {isa = PBXFileReference; lastKnownFileType = sourcecode.swift; path = ClaudeSystemPromptBuilder.swift; sourceTree = "<group>"; };
		15486973E28CF61E59D8C702 /* CommandManager.swift */ = {isa = PBXFileReference; lastKnownFileType = sourcecode.swift; path = CommandManager.swift; sourceTree = "<group>"; };
		17D6335B9FE38BA61EA5696E /* VerantyxApp.swift */ = {isa = PBXFileReference; lastKnownFileType = sourcecode.swift; path = VerantyxApp.swift; sourceTree = "<group>"; };
		18ADC885663D166B988131F6 /* ExtensionUIPanelView.swift */ = {isa = PBXFileReference; lastKnownFileType = sourcecode.swift; path = ExtensionUIPanelView.swift; sourceTree = "<group>"; };
		19116FA01BD2FF3991F62DD3 /* BitNetL1Tagger.swift */ = {isa = PBXFileReference; lastKnownFileType = sourcecode.swift; path = BitNetL1Tagger.swift; sourceTree = "<group>"; };
		1A5D0AA47B4834E94B2C633D /* SelfUpdater.swift */ = {isa = PBXFileReference; includeInIndex = 1; lastKnownFileType = sourcecode.swift; path = SelfUpdater.swift; sourceTree = "<group>"; };
		1B99ABA9CD8F1879B2BFA33E /* SimpleJCrossTranspiler.swift */ = {isa = PBXFileReference; lastKnownFileType = sourcecode.swift; path = SimpleJCrossTranspiler.swift; sourceTree = "<group>"; };
		1D2BF39536A4169EC367F0A5 /* SkillLibrary.swift */ = {isa = PBXFileReference; lastKnownFileType = sourcecode.swift; path = SkillLibrary.swift; sourceTree = "<group>"; };
		2123AA8E95CFC74CF0FA42F4 /* ResizableSplit.swift */ = {isa = PBXFileReference; lastKnownFileType = sourcecode.swift; path = ResizableSplit.swift; sourceTree = "<group>"; };
		222B717E3ED224726F4A61F7 /* HumanProofPuzzleView.swift */ = {isa = PBXFileReference; includeInIndex = 1; lastKnownFileType = sourcecode.swift; path = HumanProofPuzzleView.swift; sourceTree = "<group>"; };
		22B0F334C1BF16C8A60C5017 /* PrivacyProxy.swift */ = {isa = PBXFileReference; lastKnownFileType = sourcecode.swift; path = PrivacyProxy.swift; sourceTree = "<group>"; };
		238D55123A3C10747F1E2D53 /* WebSearchEngine.swift */ = {isa = PBXFileReference; lastKnownFileType = sourcecode.swift; path = WebSearchEngine.swift; sourceTree = "<group>"; };
		25F7D481204D749C37825CCC /* GatekeeperPipelineOrchestrator.swift */ = {isa = PBXFileReference; lastKnownFileType = sourcecode.swift; path = GatekeeperPipelineOrchestrator.swift; sourceTree = "<group>"; };
		263AF59FC377D184685C7A9F /* FileTreeView.swift */ = {isa = PBXFileReference; lastKnownFileType = sourcecode.swift; path = FileTreeView.swift; sourceTree = "<group>"; };
		2A7DCA57A2244AE68DD5782C /* ReActRetryEngine.swift */ = {isa = PBXFileReference; lastKnownFileType = sourcecode.swift; path = ReActRetryEngine.swift; sourceTree = "<group>"; };
		2BFB887DDE9900527D1F5215 /* LineNumberRulerView.swift */ = {isa = PBXFileReference; includeInIndex = 1; lastKnownFileType = sourcecode.swift; path = LineNumberRulerView.swift; sourceTree = "<group>"; };
		2C104D5FD2ECBC5A28DAD5DB /* CommanderOrchestrator.swift */ = {isa = PBXFileReference; lastKnownFileType = sourcecode.swift; path = CommanderOrchestrator.swift; sourceTree = "<group>"; };
		2C59A7E170FECA33B0C3ED7C /* IRVerificationEngine.swift */ = {isa = PBXFileReference; lastKnownFileType = sourcecode.swift; path = IRVerificationEngine.swift; sourceTree = "<group>"; };
		2CAFC26D99D4C6ED1948D362 /* L25IndexEngine.swift */ = {isa = PBXFileReference; lastKnownFileType = sourcecode.swift; path = L25IndexEngine.swift; sourceTree = "<group>"; };
		2CD4D22F7A594267A8753A2D /* WHYHookInstaller.swift */ = {isa = PBXFileReference; lastKnownFileType = sourcecode.swift; path = WHYHookInstaller.swift; sourceTree = "<group>"; };
		2DAA99AF46D25BCBCE4FD6D8 /* MCPEngine.swift */ = {isa = PBXFileReference; lastKnownFileType = sourcecode.swift; path = MCPEngine.swift; sourceTree = "<group>"; };
		2EC500C787B15580CEAAC2B1 /* AppleScriptBridge.swift */ = {isa = PBXFileReference; lastKnownFileType = sourcecode.swift; path = AppleScriptBridge.swift; sourceTree = "<group>"; };
		2F1F34F5146665466BAE2AE4 /* AdversarialNoiseEngine.swift */ = {isa = PBXFileReference; lastKnownFileType = sourcecode.swift; path = AdversarialNoiseEngine.swift; sourceTree = "<group>"; };
		331E574E58724DD018686E55 /* PrivacyGateway.swift */ = {isa = PBXFileReference; lastKnownFileType = sourcecode.swift; path = PrivacyGateway.swift; sourceTree = "<group>"; };
		338130D0F6553F90814F3B05 /* ChatPanelView.swift */ = {isa = PBXFileReference; lastKnownFileType = sourcecode.swift; path = ChatPanelView.swift; sourceTree = "<group>"; };
		34F90A23BE1370B3E68FB7BC /* ToastView.swift */ = {isa = PBXFileReference; lastKnownFileType = sourcecode.swift; path = ToastView.swift; sourceTree = "<group>"; };
		37801484CD89AA2C31BB003B /* VSIXPackageManager.swift */ = {isa = PBXFileReference; lastKnownFileType = sourcecode.swift; path = VSIXPackageManager.swift; sourceTree = "<group>"; };
		37B0DCDAD39999CBC0A66718 /* AttachmentManager.swift */ = {isa = PBXFileReference; lastKnownFileType = sourcecode.swift; path = AttachmentManager.swift; sourceTree = "<group>"; };
		3CAF8DF8FE7D412EAF889986 /* GatekeeperLLMProvider.swift */ = {isa = PBXFileReference; lastKnownFileType = sourcecode.swift; path = GatekeeperLLMProvider.swift; sourceTree = "<group>"; };
		3CBA48D7ADFF031549B1C0FB /* GatekeeperMCPServer.swift */ = {isa = PBXFileReference; lastKnownFileType = sourcecode.swift; path = GatekeeperMCPServer.swift; sourceTree = "<group>"; };
		3CC9F15B047763755800F66C /* ArtifactEngine.swift */ = {isa = PBXFileReference; lastKnownFileType = sourcecode.swift; path = ArtifactEngine.swift; sourceTree = "<group>"; };
		4715DEA9AE93CD28B0ED158E /* SessionMemoryArchiver.swift */ = {isa = PBXFileReference; lastKnownFileType = sourcecode.swift; path = SessionMemoryArchiver.swift; sourceTree = "<group>"; };
		47FA680F5734A82C0C9DEF07 /* ExtensionStoreView.swift */ = {isa = PBXFileReference; lastKnownFileType = sourcecode.swift; path = ExtensionStoreView.swift; sourceTree = "<group>"; };
		4A3AEEEA5B7E43A2AD21C18C /* VaultPatcher.swift */ = {isa = PBXFileReference; lastKnownFileType = sourcecode.swift; path = VaultPatcher.swift; sourceTree = "<group>"; };
		4BEAFD1ACA2A20312B98C1A6 /* DiffEngine.swift */ = {isa = PBXFileReference; lastKnownFileType = sourcecode.swift; path = DiffEngine.swift; sourceTree = "<group>"; };
		4C1EF907F3D2DAFE9C6DD396 /* SearchIntentClassifier.swift */ = {isa = PBXFileReference; lastKnownFileType = sourcecode.swift; path = SearchIntentClassifier.swift; sourceTree = "<group>"; };
		4DC28C3194186DC74952BEAC /* ActivityBarView.swift */ = {isa = PBXFileReference; lastKnownFileType = sourcecode.swift; path = ActivityBarView.swift; sourceTree = "<group>"; };
		4E2075CF721733CD4BDFF767 /* OllamaClient.swift */ = {isa = PBXFileReference; lastKnownFileType = sourcecode.swift; path = OllamaClient.swift; sourceTree = "<group>"; };
		4FDBA7E356F5D044B1D6FB4F /* BitNetEngine.swift */ = {isa = PBXFileReference; lastKnownFileType = sourcecode.swift; path = BitNetEngine.swift; sourceTree = "<group>"; };
		51708B97DCE7A7E97A526E06 /* GemmaWorkerAgent.swift */ = {isa = PBXFileReference; lastKnownFileType = sourcecode.swift; path = GemmaWorkerAgent.swift; sourceTree = "<group>"; };
		54B5ECC36A41308D1A447C6B /* BrowserBridgePool.swift */ = {isa = PBXFileReference; lastKnownFileType = sourcecode.swift; path = BrowserBridgePool.swift; sourceTree = "<group>"; };
		54EFB20852A1B2E15033CD94 /* BitNetCommanderLoop.swift */ = {isa = PBXFileReference; lastKnownFileType = sourcecode.swift; path = BitNetCommanderLoop.swift; sourceTree = "<group>"; };
		57CFECC2C82E892A9FB5DEF5 /* CodeView.swift */ = {isa = PBXFileReference; lastKnownFileType = sourcecode.swift; path = CodeView.swift; sourceTree = "<group>"; };
		5B05C577E91E4CFEE01927A8 /* LANG_JA.jcross */ = {isa = PBXFileReference; path = LANG_JA.jcross; sourceTree = "<group>"; };
		5B5F0016C4911F099545301D /* MainSplitView.swift */ = {isa = PBXFileReference; lastKnownFileType = sourcecode.swift; path = MainSplitView.swift; sourceTree = "<group>"; };
		5C47521A9ADAA9B5FC88D03F /* VideoSpinnerView.swift */ = {isa = PBXFileReference; includeInIndex = 1; lastKnownFileType = sourcecode.swift; path = VideoSpinnerView.swift; sourceTree = "<group>"; };
		5D2CA6EE3E2A84DCD0D6179E /* AIModeLayoutView.swift */ = {isa = PBXFileReference; lastKnownFileType = sourcecode.swift; path = AIModeLayoutView.swift; sourceTree = "<group>"; };
		5E25ED97B6E6911D707BD1B2 /* SessionStore.swift */ = {isa = PBXFileReference; lastKnownFileType = sourcecode.swift; path = SessionStore.swift; sourceTree = "<group>"; };
		61729DFC383313B9C592BBF0 /* CognitiveAnchorEngine.swift */ = {isa = PBXFileReference; lastKnownFileType = sourcecode.swift; path = CognitiveAnchorEngine.swift; sourceTree = "<group>"; };
		61BBD49ADB9A047E879B1CB4 /* fix_buttons.py */ = {isa = PBXFileReference; lastKnownFileType = text.script.python; path = fix_buttons.py; sourceTree = "<group>"; };
		674A38A3D3F9A65C3671CB3A /* LanguageManager.swift */ = {isa = PBXFileReference; lastKnownFileType = sourcecode.swift; path = LanguageManager.swift; sourceTree = "<group>"; };
		6C51EFB7C797A6BDE324F322 /* JCrossSchemaGenerator.swift */ = {isa = PBXFileReference; lastKnownFileType = sourcecode.swift; path = JCrossSchemaGenerator.swift; sourceTree = "<group>"; };
		6C6D2F73754A7AA12136F9AC /* BrowserBridge.swift */ = {isa = PBXFileReference; lastKnownFileType = sourcecode.swift; path = BrowserBridge.swift; sourceTree = "<group>"; };
		6E6A5B698998E7C8A4616F85 /* WorkspaceFileSystem.swift */ = {isa = PBXFileReference; lastKnownFileType = sourcecode.swift; path = WorkspaceFileSystem.swift; sourceTree = "<group>"; };
		6F074879BF26422D9682AA07 /* GatekeeperPipelineSettingsView.swift */ = {isa = PBXFileReference; lastKnownFileType = sourcecode.swift; path = GatekeeperPipelineSettingsView.swift; sourceTree = "<group>"; };
		7042BB94F70341019475EE90 /* JCross3DGraph.swift */ = {isa = PBXFileReference; lastKnownFileType = sourcecode.swift; path = JCross3DGraph.swift; sourceTree = "<group>"; };
		7080AB9210D9A7D70EA9EE4B /* FileApprovalRequest.swift */ = {isa = PBXFileReference; lastKnownFileType = sourcecode.swift; path = FileApprovalRequest.swift; sourceTree = "<group>"; };
		727212A297B010E2A72ED242 /* StatusBarView.swift */ = {isa = PBXFileReference; lastKnownFileType = sourcecode.swift; path = StatusBarView.swift; sourceTree = "<group>"; };
		738FB55C5C3A6DA181BBAC71 /* VXTimeline.swift */ = {isa = PBXFileReference; lastKnownFileType = sourcecode.swift; path = VXTimeline.swift; sourceTree = "<group>"; };
		73A12C23B1AA597A4C3B999C /* QwenVideoAnalyzer.swift */ = {isa = PBXFileReference; includeInIndex = 1; lastKnownFileType = sourcecode.swift; path = QwenVideoAnalyzer.swift; sourceTree = "<group>"; };
		7411E3441E3C4377A92C1FA3 /* BitNetIntentTranslator.swift */ = {isa = PBXFileReference; lastKnownFileType = sourcecode.swift; path = BitNetIntentTranslator.swift; sourceTree = "<group>"; };
		77A7E899F70A18AE4543BB93 /* SideBySideDiffView.swift */ = {isa = PBXFileReference; lastKnownFileType = sourcecode.swift; path = SideBySideDiffView.swift; sourceTree = "<group>"; };
		7C9FE30F142E8AF8939962E9 /* SafeModeGuard.swift */ = {isa = PBXFileReference; lastKnownFileType = sourcecode.swift; path = SafeModeGuard.swift; sourceTree = "<group>"; };
		7FAD3FEA3C1BF9C20D0FBE9C /* AgentChatView.swift */ = {isa = PBXFileReference; lastKnownFileType = sourcecode.swift; path = AgentChatView.swift; sourceTree = "<group>"; };
		802C57C641342AF0523401B9 /* ParanoiaEngine.swift */ = {isa = PBXFileReference; lastKnownFileType = sourcecode.swift; path = ParanoiaEngine.swift; sourceTree = "<group>"; };
		82124E09CAF3AD73FCD889F2 /* CIValidationEngine.swift */ = {isa = PBXFileReference; lastKnownFileType = sourcecode.swift; path = CIValidationEngine.swift; sourceTree = "<group>"; };
		851696E9486FDE35D2146141 /* SettingsView.swift */ = {isa = PBXFileReference; lastKnownFileType = sourcecode.swift; path = SettingsView.swift; sourceTree = "<group>"; };
		86BF1813B77EAA7D02EC11BB /* Info.plist */ = {isa = PBXFileReference; lastKnownFileType = text.plist; path = Info.plist; sourceTree = "<group>"; };
		8900CE64BBFB018EC941426D /* AgentEngine.swift */ = {isa = PBXFileReference; lastKnownFileType = sourcecode.swift; path = AgentEngine.swift; sourceTree = "<group>"; };
		892959B83A4902F0E159A8D3 /* GitHubPREngine.swift */ = {isa = PBXFileReference; lastKnownFileType = sourcecode.swift; path = GitHubPREngine.swift; sourceTree = "<group>"; };
		8CE028571C7727001A93D813 /* ParanoiaModeView.swift */ = {isa = PBXFileReference; lastKnownFileType = sourcecode.swift; path = ParanoiaModeView.swift; sourceTree = "<group>"; };
		8D373F57072F08514D5CEAB6 /* ContextBudgetManager.swift */ = {isa = PBXFileReference; lastKnownFileType = sourcecode.swift; path = ContextBudgetManager.swift; sourceTree = "<group>"; };
		8DF2C2D7BE640032534C82B6 /* SessionHistoryView.swift */ = {isa = PBXFileReference; lastKnownFileType = sourcecode.swift; path = SessionHistoryView.swift; sourceTree = "<group>"; };
		8F542870A057959E5B83A9A4 /* LanguageDetector.swift */ = {isa = PBXFileReference; lastKnownFileType = sourcecode.swift; path = LanguageDetector.swift; sourceTree = "<group>"; };
		912679EC0A7C2086CAB2481C /* Assets.xcassets */ = {isa = PBXFileReference; lastKnownFileType = folder.assetcatalog; path = Assets.xcassets; sourceTree = "<group>"; };
		91CC363258520DDB5548056F /* TerminalPanelView.swift */ = {isa = PBXFileReference; lastKnownFileType = sourcecode.swift; path = TerminalPanelView.swift; sourceTree = "<group>"; };
		92AED536E86FE739129AF444 /* HybridEngine.swift */ = {isa = PBXFileReference; lastKnownFileType = sourcecode.swift; path = HybridEngine.swift; sourceTree = "<group>"; };
		958BAC7C28485B57B8645293 /* GatekeeperModeView.swift */ = {isa = PBXFileReference; lastKnownFileType = sourcecode.swift; path = GatekeeperModeView.swift; sourceTree = "<group>"; };
		963D2E75D48C41E73EAE0FD6 /* ExtensionHostManager.swift */ = {isa = PBXFileReference; lastKnownFileType = sourcecode.swift; path = ExtensionHostManager.swift; sourceTree = "<group>"; };
		9D36BF87217C8FFC0D2167A8 /* ConfusionDetector.swift */ = {isa = PBXFileReference; lastKnownFileType = sourcecode.swift; path = ConfusionDetector.swift; sourceTree = "<group>"; };
		9D4599129F5B80289E52A083 /* TranspilationPipeline.swift */ = {isa = PBXFileReference; lastKnownFileType = sourcecode.swift; path = TranspilationPipeline.swift; sourceTree = "<group>"; };
		A08BAD9B20922AE1AD21549B /* MCPBridgeLauncher.swift */ = {isa = PBXFileReference; lastKnownFileType = sourcecode.swift; path = MCPBridgeLauncher.swift; sourceTree = "<group>"; };
		A5E5B4F881C230B229B05580 /* TerminalRunner.swift */ = {isa = PBXFileReference; lastKnownFileType = sourcecode.swift; path = TerminalRunner.swift; sourceTree = "<group>"; };
		AABBCC001122334455667788 /* NSLockExtension.swift */ = {isa = PBXFileReference; lastKnownFileType = sourcecode.swift; path = NSLockExtension.swift; sourceTree = "<group>"; };
		AB8C07A2395C323F940350C6 /* Verantyx.entitlements */ = {isa = PBXFileReference; lastKnownFileType = text.plist.entitlements; path = Verantyx.entitlements; sourceTree = "<group>"; };
		ABE4F19CD033EC88CE775297 /* AgentLoop.swift */ = {isa = PBXFileReference; lastKnownFileType = sourcecode.swift; path = AgentLoop.swift; sourceTree = "<group>"; };
		AC946FA6BD394318BB8880A6 /* GatekeeperMemoryProtocol.swift */ = {isa = PBXFileReference; lastKnownFileType = sourcecode.swift; path = GatekeeperMemoryProtocol.swift; sourceTree = "<group>"; };
		AD5C5CDDD9AD4603570A6E8E /* JCrossPatchValidator.swift */ = {isa = PBXFileReference; lastKnownFileType = sourcecode.swift; path = JCrossPatchValidator.swift; sourceTree = "<group>"; };
		AED86DB27ADB39B085949F6D /* ArtifactPanelView.swift */ = {isa = PBXFileReference; lastKnownFileType = sourcecode.swift; path = ArtifactPanelView.swift; sourceTree = "<group>"; };
		AF413A3E752CA6446C0FD0A7 /* PrivacyShieldView.swift */ = {isa = PBXFileReference; lastKnownFileType = sourcecode.swift; path = PrivacyShieldView.swift; sourceTree = "<group>"; };
		AF9A8110B0E74033A5013462 /* GatekeeperPromptBuilder.swift */ = {isa = PBXFileReference; lastKnownFileType = sourcecode.swift; path = GatekeeperPromptBuilder.swift; sourceTree = "<group>"; };
		B14716FA534312190560AB6A /* JCrossVault.swift */ = {isa = PBXFileReference; lastKnownFileType = sourcecode.swift; path = JCrossVault.swift; sourceTree = "<group>"; };
		B5363A85819943E0B0C0FB50 /* GatekeeperPipeline.swift */ = {isa = PBXFileReference; lastKnownFileType = sourcecode.swift; path = GatekeeperPipeline.swift; sourceTree = "<group>"; };
		B542227025FB98F4433139B0 /* VXMarkView.swift */ = {isa = PBXFileReference; lastKnownFileType = sourcecode.swift; path = VXMarkView.swift; sourceTree = "<group>"; };
		BBEE7AD08B047D2FA3942F97 /* PipelineLaunchSheet.swift */ = {isa = PBXFileReference; lastKnownFileType = sourcecode.swift; path = PipelineLaunchSheet.swift; sourceTree = "<group>"; };
		BBFBBB5831368FECD08DF846 /* AppState.swift */ = {isa = PBXFileReference; lastKnownFileType = sourcecode.swift; path = AppState.swift; sourceTree = "<group>"; };
		BDF53C5CBC7086C230A40059 /* LANG_EN.jcross */ = {isa = PBXFileReference; path = LANG_EN.jcross; sourceTree = "<group>"; };
		C4126206A90B4B46B2886FB9 /* GatekeeperDashboardViewModel.swift */ = {isa = PBXFileReference; lastKnownFileType = sourcecode.swift; path = GatekeeperDashboardViewModel.swift; sourceTree = "<group>"; };
		C4FB2130D8251C87DD0E8274 /* AgentTool.swift */ = {isa = PBXFileReference; lastKnownFileType = sourcecode.swift; path = AgentTool.swift; sourceTree = "<group>"; };
		C5556F027C38828945F45A56 /* ExtensionUIManager.swift */ = {isa = PBXFileReference; lastKnownFileType = sourcecode.swift; path = ExtensionUIManager.swift; sourceTree = "<group>"; };
		C713F382D24C4B33C0432561 /* GatekeeperChatBridge.swift */ = {isa = PBXFileReference; lastKnownFileType = sourcecode.swift; path = GatekeeperChatBridge.swift; sourceTree = "<group>"; };
		C801F7BC0A711368DE98915B /* VideoClipManager.swift */ = {isa = PBXFileReference; includeInIndex = 1; lastKnownFileType = sourcecode.swift; path = VideoClipManager.swift; sourceTree = "<group>"; };
		C89205FA09399969AB889C56 /* LSPClient.swift */ = {isa = PBXFileReference; lastKnownFileType = sourcecode.swift; path = LSPClient.swift; sourceTree = "<group>"; };
		CA4BE668CB8CC9C29C1AAA35 /* SearchGate.swift */ = {isa = PBXFileReference; lastKnownFileType = sourcecode.swift; path = SearchGate.swift; sourceTree = "<group>"; };
		CC64605A62447966FFDB2270 /* SystemStatusProvider.swift */ = {isa = PBXFileReference; lastKnownFileType = sourcecode.swift; path = SystemStatusProvider.swift; sourceTree = "<group>"; };
		CCB5E227D30DCFCF698F28FD /* CloudAPIClient.swift */ = {isa = PBXFileReference; lastKnownFileType = sourcecode.swift; path = CloudAPIClient.swift; sourceTree = "<group>"; };
		CCDDEE001122334455667700 /* JCrossObfuscationEngine.swift */ = {isa = PBXFileReference; lastKnownFileType = sourcecode.swift; path = JCrossObfuscationEngine.swift; sourceTree = "<group>"; };
		CEE54E7C0348CE92B4AE07FD /* Counter.swift */ = {isa = PBXFileReference; lastKnownFileType = sourcecode.swift; path = Counter.swift; sourceTree = "<group>"; };
		D5374CF26AFCD56A976E7EAC /* NotificationNames.swift */ = {isa = PBXFileReference; lastKnownFileType = sourcecode.swift; path = NotificationNames.swift; sourceTree = "<group>"; };
		D73DBEC823822E319BD7F8F8 /* GitPanelView.swift */ = {isa = PBXFileReference; lastKnownFileType = sourcecode.swift; path = GitPanelView.swift; sourceTree = "<group>"; };
		DC25A03DB54A65B9B740D72A /* CortexEngine.swift */ = {isa = PBXFileReference; lastKnownFileType = sourcecode.swift; path = CortexEngine.swift; sourceTree = "<group>"; };
		DD8BBB55D4627EE66EB79331 /* WorkspaceManager.swift */ = {isa = PBXFileReference; lastKnownFileType = sourcecode.swift; path = WorkspaceManager.swift; sourceTree = "<group>"; };
		DF3F75F5D141E0189A08FF7B /* JCrossCodeTranspiler.swift */ = {isa = PBXFileReference; lastKnownFileType = sourcecode.swift; path = JCrossCodeTranspiler.swift; sourceTree = "<group>"; };
		E04988E846BDF12ABE7CA2C8 /* GatekeeperModeState.swift */ = {isa = PBXFileReference; lastKnownFileType = sourcecode.swift; path = GatekeeperModeState.swift; sourceTree = "<group>"; };
		E43C586B09E48A7D2D0ECF9F /* GatekeeperDashboardView.swift */ = {isa = PBXFileReference; lastKnownFileType = sourcecode.swift; path = GatekeeperDashboardView.swift; sourceTree = "<group>"; };
		E54EB9A5249E83F7D28508B5 /* MCPQuickPanel.swift */ = {isa = PBXFileReference; lastKnownFileType = sourcecode.swift; path = MCPQuickPanel.swift; sourceTree = "<group>"; };
		E565BF43EF70484781440C36 /* GlobalTaskSupervisor.swift */ = {isa = PBXFileReference; lastKnownFileType = sourcecode.swift; path = GlobalTaskSupervisor.swift; sourceTree = "<group>"; };
		E59C2757F9347B7DAAEFA26B /* GitEngine.swift */ = {isa = PBXFileReference; lastKnownFileType = sourcecode.swift; path = GitEngine.swift; sourceTree = "<group>"; };
		E5C8788156A4713EDD89F173 /* Verantyx.app */ = {isa = PBXFileReference; explicitFileType = wrapper.application; includeInIndex = 0; path = Verantyx.app; sourceTree = BUILT_PRODUCTS_DIR; };
		E6D9AEEC8A3B9CB2109BEE11 /* ExtensionWebView.swift */ = {isa = PBXFileReference; lastKnownFileType = sourcecode.swift; path = ExtensionWebView.swift; sourceTree = "<group>"; };
		E93C2041C7D910D0DCA7A80B /* AppLanguage.swift */ = {isa = PBXFileReference; lastKnownFileType = sourcecode.swift; path = AppLanguage.swift; sourceTree = "<group>"; };
		E971F2B1D5DB17E123A1D707 /* ProjectSearchEngine.swift */ = {isa = PBXFileReference; lastKnownFileType = sourcecode.swift; path = ProjectSearchEngine.swift; sourceTree = "<group>"; };
		E9A706F7BAC4CFDA999E202D /* MLXRunner.swift */ = {isa = PBXFileReference; lastKnownFileType = sourcecode.swift; path = MLXRunner.swift; sourceTree = "<group>"; };
		EDA3819E2975C008C2AB74CA /* PreflightSearchEngine.swift */ = {isa = PBXFileReference; lastKnownFileType = sourcecode.swift; path = PreflightSearchEngine.swift; sourceTree = "<group>"; };
		EFD1C95353C3772E36EF6170 /* OllamaNEREngine.swift */ = {isa = PBXFileReference; lastKnownFileType = sourcecode.swift; path = OllamaNEREngine.swift; sourceTree = "<group>"; };
		F1B37910C6FAB77189D61D18 /* HallucinationDetector.swift */ = {isa = PBXFileReference; lastKnownFileType = sourcecode.swift; path = HallucinationDetector.swift; sourceTree = "<group>"; };
		F44C7CACCD10CB9F7836B4A7 /* SyntaxHighlighter.swift */ = {isa = PBXFileReference; lastKnownFileType = sourcecode.swift; path = SyntaxHighlighter.swift; sourceTree = "<group>"; };
		F44CAB73FDB0C158EBDCFA1A /* ProcessMonitor.swift */ = {isa = PBXFileReference; lastKnownFileType = sourcecode.swift; path = ProcessMonitor.swift; sourceTree = "<group>"; };
		F711FCE04B7F543283D75B33 /* HumanPriorityModeView.swift */ = {isa = PBXFileReference; lastKnownFileType = sourcecode.swift; path = HumanPriorityModeView.swift; sourceTree = "<group>"; };
		F7D9BA197BE986453F9327E6 /* MCPCatalog.swift */ = {isa = PBXFileReference; lastKnownFileType = sourcecode.swift; path = MCPCatalog.swift; sourceTree = "<group>"; };
		F8C5FC3977F3C5C0744E20DF /* GatekeeperStatusPill.swift */ = {isa = PBXFileReference; lastKnownFileType = sourcecode.swift; path = GatekeeperStatusPill.swift; sourceTree = "<group>"; };
		FA4357406F455A9288CA61BF /* LoadedModelPanel.swift */ = {isa = PBXFileReference; lastKnownFileType = sourcecode.swift; path = LoadedModelPanel.swift; sourceTree = "<group>"; };
		FA5721938F21F94496234B39 /* MCPView.swift */ = {isa = PBXFileReference; lastKnownFileType = sourcecode.swift; path = MCPView.swift; sourceTree = "<group>"; };
		FC9192674D202E8F1A730FF3 /* GlobalSearchView.swift */ = {isa = PBXFileReference; lastKnownFileType = sourcecode.swift; path = GlobalSearchView.swift; sourceTree = "<group>"; };
		FD2D56072A05DD684E140FBA /* RoutingSessionLogger.swift */ = {isa = PBXFileReference; lastKnownFileType = sourcecode.swift; path = RoutingSessionLogger.swift; sourceTree = "<group>"; };
		FD764117A5A2F1DF19239197 /* SelfEvolutionEngine.swift */ = {isa = PBXFileReference; lastKnownFileType = sourcecode.swift; path = SelfEvolutionEngine.swift; sourceTree = "<group>"; };
		FDAEF1C9CB541AAA58E4FB8E /* ChatTranscriptView.swift */ = {isa = PBXFileReference; lastKnownFileType = sourcecode.swift; path = ChatTranscriptView.swift; sourceTree = "<group>"; };
		FFFFFFFF8CCD5AFE59C4EA0D /* JCrossIRPatcher.swift */ = {isa = PBXFileReference; lastKnownFileType = sourcecode.swift; path = JCrossIRPatcher.swift; sourceTree = "<group>"; };
		FFFFFFFF8D381BA5C881873E /* JCrossZAxisVault.swift */ = {isa = PBXFileReference; lastKnownFileType = sourcecode.swift; path = JCrossZAxisVault.swift; sourceTree = "<group>"; };
		FFFFFFFFC428937632D3F66F /* LiteralExtractor.swift */ = {isa = PBXFileReference; lastKnownFileType = sourcecode.swift; path = LiteralExtractor.swift; sourceTree = "<group>"; };
		FFFFFFFFE230D0F295F4950E /* JCrossIRGenerator.swift */ = {isa = PBXFileReference; lastKnownFileType = sourcecode.swift; path = JCrossIRGenerator.swift; sourceTree = "<group>"; };
/* End PBXFileReference section */

/* Begin PBXFrameworksBuildPhase section */
		F3AA225F597254C51D1CC89B /* Frameworks */ = {
			isa = PBXFrameworksBuildPhase;
			buildActionMask = 2147483647;
			files = (
				5B221D76CBAF7F8637DD80F9 /* MLX in Frameworks */,
				9FB76DC5C4E4B0DF21FDCACD /* MLXRandom in Frameworks */,
				17713B505E12627E142F65ED /* MLXLLM in Frameworks */,
				5BCBF6FA95B78375C6615004 /* Transformers in Frameworks */,
			);
			runOnlyForDeploymentPostprocessing = 0;
		};
/* End PBXFrameworksBuildPhase section */

/* Begin PBXGroup section */
		30A0EF58CBE75A17F6A560C2 /* Sources */ = {
			isa = PBXGroup;
			children = (
				811C438A35B8CA37A8B30DFD /* Verantyx */,
			);
			path = Sources;
			sourceTree = "<group>";
		};
		46D698688EAE5A7F2D4F522A /* Gatekeeper */ = {
			isa = PBXGroup;
			children = (
				2F1F34F5146665466BAE2AE4 /* AdversarialNoiseEngine.swift */,
				1240D3EAA3FE1CCBF61CD3CA /* ClaudeSystemPromptBuilder.swift */,
				2C104D5FD2ECBC5A28DAD5DB /* CommanderOrchestrator.swift */,
				3CBA48D7ADFF031549B1C0FB /* GatekeeperMCPServer.swift */,
				E04988E846BDF12ABE7CA2C8 /* GatekeeperModeState.swift */,
				958BAC7C28485B57B8645293 /* GatekeeperModeView.swift */,
				25F7D481204D749C37825CCC /* GatekeeperPipelineOrchestrator.swift */,
				F8C5FC3977F3C5C0744E20DF /* GatekeeperStatusPill.swift */,
				AD5C5CDDD9AD4603570A6E8E /* JCrossPatchValidator.swift */,
				B14716FA534312190560AB6A /* JCrossVault.swift */,
				FD2D56072A05DD684E140FBA /* RoutingSessionLogger.swift */,
				1B99ABA9CD8F1879B2BFA33E /* SimpleJCrossTranspiler.swift */,
			);
			path = Gatekeeper;
			sourceTree = "<group>";
		};
		52758AF69EC2078956B0A7F8 /* Dashboard */ = {
			isa = PBXGroup;
			children = (
				E43C586B09E48A7D2D0ECF9F /* GatekeeperDashboardView.swift */,
				C4126206A90B4B46B2886FB9 /* GatekeeperDashboardViewModel.swift */,
			);
			path = Dashboard;
			sourceTree = "<group>";
		};
		811C438A35B8CA37A8B30DFD /* Verantyx */ = {
			isa = PBXGroup;
			children = (
				E93C2041C7D910D0DCA7A80B /* AppLanguage.swift */,
				BBFBBB5831368FECD08DF846 /* AppState.swift */,
				912679EC0A7C2086CAB2481C /* Assets.xcassets */,
				86BF1813B77EAA7D02EC11BB /* Info.plist */,
				AB8C07A2395C323F940350C6 /* Verantyx.entitlements */,
				17D6335B9FE38BA61EA5696E /* VerantyxApp.swift */,
				52758AF69EC2078956B0A7F8 /* Dashboard */,
				EE42CA61A8486C58BA1BA57B /* Engine */,
				46D698688EAE5A7F2D4F522A /* Gatekeeper */,
				8D2D1719768C35642AA83A9D /* Views */,
			);
			path = Verantyx;
			sourceTree = "<group>";
		};
		8D2D1719768C35642AA83A9D /* Views */ = {
			isa = PBXGroup;
			children = (
				4DC28C3194186DC74952BEAC /* ActivityBarView.swift */,
				7FAD3FEA3C1BF9C20D0FBE9C /* AgentChatView.swift */,
				5D2CA6EE3E2A84DCD0D6179E /* AIModeLayoutView.swift */,
				AED86DB27ADB39B085949F6D /* ArtifactPanelView.swift */,
				338130D0F6553F90814F3B05 /* ChatPanelView.swift */,
				FDAEF1C9CB541AAA58E4FB8E /* ChatTranscriptView.swift */,
				57CFECC2C82E892A9FB5DEF5 /* CodeView.swift */,
				025E206375BC2AD36FD097AF /* CortexOnboardingSheet.swift */,
				0676432D69FA1C167E518CC9 /* DiffPanelView.swift */,
				47FA680F5734A82C0C9DEF07 /* ExtensionStoreView.swift */,
				18ADC885663D166B988131F6 /* ExtensionUIPanelView.swift */,
				E6D9AEEC8A3B9CB2109BEE11 /* ExtensionWebView.swift */,
				263AF59FC377D184685C7A9F /* FileTreeView.swift */,
				61BBD49ADB9A047E879B1CB4 /* fix_buttons.py */,
				D73DBEC823822E319BD7F8F8 /* GitPanelView.swift */,
				FC9192674D202E8F1A730FF3 /* GlobalSearchView.swift */,
				F711FCE04B7F543283D75B33 /* HumanPriorityModeView.swift */,
				FA4357406F455A9288CA61BF /* LoadedModelPanel.swift */,
				5B5F0016C4911F099545301D /* MainSplitView.swift */,
				E54EB9A5249E83F7D28508B5 /* MCPQuickPanel.swift */,
				FA5721938F21F94496234B39 /* MCPView.swift */,
				8CE028571C7727001A93D813 /* ParanoiaModeView.swift */,
				BBEE7AD08B047D2FA3942F97 /* PipelineLaunchSheet.swift */,
				AF413A3E752CA6446C0FD0A7 /* PrivacyShieldView.swift */,
				2123AA8E95CFC74CF0FA42F4 /* ResizableSplit.swift */,
				11B59AAFEB592888A37115C3 /* SelfEvolutionView.swift */,
				8DF2C2D7BE640032534C82B6 /* SessionHistoryView.swift */,
				851696E9486FDE35D2146141 /* SettingsView.swift */,
				6F074879BF26422D9682AA07 /* GatekeeperPipelineSettingsView.swift */,
				77A7E899F70A18AE4543BB93 /* SideBySideDiffView.swift */,
				727212A297B010E2A72ED242 /* StatusBarView.swift */,
				91CC363258520DDB5548056F /* TerminalPanelView.swift */,
				0990B0239FC0773B512E1863 /* ThinkingLogView.swift */,
				34F90A23BE1370B3E68FB7BC /* ToastView.swift */,
				B542227025FB98F4433139B0 /* VXMarkView.swift */,
				5C47521A9ADAA9B5FC88D03F /* VideoSpinnerView.swift */,
				2BFB887DDE9900527D1F5215 /* LineNumberRulerView.swift */,
				222B717E3ED224726F4A61F7 /* HumanProofPuzzleView.swift */,
			);
			path = Views;
			sourceTree = "<group>";
		};
		8FFF89542FF965C824C76418 /* Products */ = {
			isa = PBXGroup;
			children = (
				E5C8788156A4713EDD89F173 /* Verantyx.app */,
			);
			name = Products;
			sourceTree = "<group>";
		};
		E9D6DD9C5670831B5DCE0351 = {
			isa = PBXGroup;
			children = (
				30A0EF58CBE75A17F6A560C2 /* Sources */,
				8FFF89542FF965C824C76418 /* Products */,
			);
			sourceTree = "<group>";
		};
		EE42CA61A8486C58BA1BA57B /* Engine */ = {
			isa = PBXGroup;
			children = (
				8900CE64BBFB018EC941426D /* AgentEngine.swift */,
				ABE4F19CD033EC88CE775297 /* AgentLoop.swift */,
				0B88FBBD511D4700CD23A354 /* AgentProtocol.swift */,
				C4FB2130D8251C87DD0E8274 /* AgentTool.swift */,
				2EC500C787B15580CEAAC2B1 /* AppleScriptBridge.swift */,
				3CC9F15B047763755800F66C /* ArtifactEngine.swift */,
				37B0DCDAD39999CBC0A66718 /* AttachmentManager.swift */,
				54EFB20852A1B2E15033CD94 /* BitNetCommanderLoop.swift */,
				4FDBA7E356F5D044B1D6FB4F /* BitNetEngine.swift */,
				19116FA01BD2FF3991F62DD3 /* BitNetL1Tagger.swift */,
				6C6D2F73754A7AA12136F9AC /* BrowserBridge.swift */,
				54B5ECC36A41308D1A447C6B /* BrowserBridgePool.swift */,
				82124E09CAF3AD73FCD889F2 /* CIValidationEngine.swift */,
				CCB5E227D30DCFCF698F28FD /* CloudAPIClient.swift */,
				61729DFC383313B9C592BBF0 /* CognitiveAnchorEngine.swift */,
				15486973E28CF61E59D8C702 /* CommandManager.swift */,
				9D36BF87217C8FFC0D2167A8 /* ConfusionDetector.swift */,
				8D373F57072F08514D5CEAB6 /* ContextBudgetManager.swift */,
				DC25A03DB54A65B9B740D72A /* CortexEngine.swift */,
				CEE54E7C0348CE92B4AE07FD /* Counter.swift */,
				4BEAFD1ACA2A20312B98C1A6 /* DiffEngine.swift */,
				963D2E75D48C41E73EAE0FD6 /* ExtensionHostManager.swift */,
				C5556F027C38828945F45A56 /* ExtensionUIManager.swift */,
				7080AB9210D9A7D70EA9EE4B /* FileApprovalRequest.swift */,
				51708B97DCE7A7E97A526E06 /* GemmaWorkerAgent.swift */,
				E59C2757F9347B7DAAEFA26B /* GitEngine.swift */,
				892959B83A4902F0E159A8D3 /* GitHubPREngine.swift */,
				F1B37910C6FAB77189D61D18 /* HallucinationDetector.swift */,
				92AED536E86FE739129AF444 /* HybridEngine.swift */,
				2C59A7E170FECA33B0C3ED7C /* IRVerificationEngine.swift */,
				DF3F75F5D141E0189A08FF7B /* JCrossCodeTranspiler.swift */,
				CCDDEE001122334455667700 /* JCrossObfuscationEngine.swift */,
				AABBCC001122334455667788 /* NSLockExtension.swift */,
				FFFFFFFF8D381BA5C881873E /* JCrossZAxisVault.swift */,
				FFFFFFFFC428937632D3F66F /* LiteralExtractor.swift */,
				0000000076B3881A6927938D /* JCrossIR6Axis.swift */,
				000000000EB80082E82014EE /* JCrossIRVault.swift */,
				FFFFFFFFE230D0F295F4950E /* JCrossIRGenerator.swift */,
				FFFFFFFF8CCD5AFE59C4EA0D /* JCrossIRPatcher.swift */,
				117E91B505C3122D97651720 /* JCrossIRParser.swift */,
				6C51EFB7C797A6BDE324F322 /* JCrossSchemaGenerator.swift */,
				2CAFC26D99D4C6ED1948D362 /* L25IndexEngine.swift */,
				BDF53C5CBC7086C230A40059 /* LANG_EN.jcross */,
				5B05C577E91E4CFEE01927A8 /* LANG_JA.jcross */,
				8F542870A057959E5B83A9A4 /* LanguageDetector.swift */,
				674A38A3D3F9A65C3671CB3A /* LanguageManager.swift */,
				C89205FA09399969AB889C56 /* LSPClient.swift */,
				A08BAD9B20922AE1AD21549B /* MCPBridgeLauncher.swift */,
				E565BF43EF70484781440C36 /* GlobalTaskSupervisor.swift */,
				2CD4D22F7A594267A8753A2D /* WHYHookInstaller.swift */,
				F7D9BA197BE986453F9327E6 /* MCPCatalog.swift */,
				2DAA99AF46D25BCBCE4FD6D8 /* MCPEngine.swift */,
				E9A706F7BAC4CFDA999E202D /* MLXRunner.swift */,
				D5374CF26AFCD56A976E7EAC /* NotificationNames.swift */,
				4E2075CF721733CD4BDFF767 /* OllamaClient.swift */,
				EFD1C95353C3772E36EF6170 /* OllamaNEREngine.swift */,
				802C57C641342AF0523401B9 /* ParanoiaEngine.swift */,
				EDA3819E2975C008C2AB74CA /* PreflightSearchEngine.swift */,
				331E574E58724DD018686E55 /* PrivacyGateway.swift */,
				22B0F334C1BF16C8A60C5017 /* PrivacyProxy.swift */,
				F44CAB73FDB0C158EBDCFA1A /* ProcessMonitor.swift */,
				E971F2B1D5DB17E123A1D707 /* ProjectSearchEngine.swift */,
				2A7DCA57A2244AE68DD5782C /* ReActRetryEngine.swift */,
				0530516815C4965D10EF8506 /* RepoMapEngine.swift */,
				7C9FE30F142E8AF8939962E9 /* SafeModeGuard.swift */,
				CA4BE668CB8CC9C29C1AAA35 /* SearchGate.swift */,
				4C1EF907F3D2DAFE9C6DD396 /* SearchIntentClassifier.swift */,
				FD764117A5A2F1DF19239197 /* SelfEvolutionEngine.swift */,
				4715DEA9AE93CD28B0ED158E /* SessionMemoryArchiver.swift */,
				5E25ED97B6E6911D707BD1B2 /* SessionStore.swift */,
				1D2BF39536A4169EC367F0A5 /* SkillLibrary.swift */,
				F44C7CACCD10CB9F7836B4A7 /* SyntaxHighlighter.swift */,
				CC64605A62447966FFDB2270 /* SystemStatusProvider.swift */,
				A5E5B4F881C230B229B05580 /* TerminalRunner.swift */,
				9D4599129F5B80289E52A083 /* TranspilationPipeline.swift */,
				37801484CD89AA2C31BB003B /* VSIXPackageManager.swift */,
				738FB55C5C3A6DA181BBAC71 /* VXTimeline.swift */,
				238D55123A3C10747F1E2D53 /* WebSearchEngine.swift */,
				AF9A8110B0E74033A5013462 /* GatekeeperPromptBuilder.swift */,
				AC946FA6BD394318BB8880A6 /* GatekeeperMemoryProtocol.swift */,
				7042BB94F70341019475EE90 /* JCross3DGraph.swift */,
				4A3AEEEA5B7E43A2AD21C18C /* VaultPatcher.swift */,
				7411E3441E3C4377A92C1FA3 /* BitNetIntentTranslator.swift */,
				3CAF8DF8FE7D412EAF889986 /* GatekeeperLLMProvider.swift */,
				B5363A85819943E0B0C0FB50 /* GatekeeperPipeline.swift */,
				C713F382D24C4B33C0432561 /* GatekeeperChatBridge.swift */,
				6E6A5B698998E7C8A4616F85 /* WorkspaceFileSystem.swift */,
				DD8BBB55D4627EE66EB79331 /* WorkspaceManager.swift */,
				73A12C23B1AA597A4C3B999C /* QwenVideoAnalyzer.swift */,
				C801F7BC0A711368DE98915B /* VideoClipManager.swift */,
				1A5D0AA47B4834E94B2C633D /* SelfUpdater.swift */,
			);
			path = Engine;
			sourceTree = "<group>";
		};
/* End PBXGroup section */

/* Begin PBXNativeTarget section */
		C702940F6955F440B1A49920 /* Verantyx */ = {
			isa = PBXNativeTarget;
			buildConfigurationList = 79E04AD3856679EEFB1C270B /* Build configuration list for PBXNativeTarget "Verantyx" */;
			buildPhases = (
				A6DDCEC14AF707C9CC57E054 /* Sources */,
				869C54BD37DFFE38A56624BF /* Resources */,
				F3AA225F597254C51D1CC89B /* Frameworks */,
				3C96DA999F96C1224503C197 /* Embed verantyx-browser into App Bundle */,
			);
			buildRules = (
			);
			dependencies = (
			);
			name = Verantyx;
			packageProductDependencies = (
				E7B730AC2C30A6B4C265330D /* MLX */,
				A68E46F8CFDC14DEF2D55FC5 /* MLXRandom */,
				AD2463FBE07B767ADB2B3207 /* MLXLLM */,
				4B24BD083022CA071C0C39AE /* Transformers */,
			);
			productName = Verantyx;
			productReference = E5C8788156A4713EDD89F173 /* Verantyx.app */;
			productType = "com.apple.product-type.application";
		};
/* End PBXNativeTarget section */

/* Begin PBXProject section */
		F70212F399422283187C0074 /* Project object */ = {
			isa = PBXProject;
			attributes = {
				BuildIndependentTargetsInParallel = YES;
				LastUpgradeCheck = 1500;
				TargetAttributes = {
					C702940F6955F440B1A49920 = {
						ProvisioningStyle = Automatic;
					};
				};
			};
			buildConfigurationList = C88462B890709BC2774DE9BE /* Build configuration list for PBXProject "Verantyx" */;
			developmentRegion = en;
			hasScannedForEncodings = 0;
			knownRegions = (
				Base,
				en,
			);
			mainGroup = E9D6DD9C5670831B5DCE0351;
			minimizedProjectReferenceProxies = 1;
			packageReferences = (
				DAE191BA1D74215883383547 /* XCRemoteSwiftPackageReference "swift-transformers" */,
				63D1B2D7DF90BC507ED2CEB8 /* XCRemoteSwiftPackageReference "mlx-swift" */,
				215603989B65D2DB9B14270D /* XCRemoteSwiftPackageReference "mlx-swift-examples" */,
			);
			preferredProjectObjectVersion = 77;
			productRefGroup = 8FFF89542FF965C824C76418 /* Products */;
			projectDirPath = "";
			projectRoot = "";
			targets = (
				C702940F6955F440B1A49920 /* Verantyx */,
			);
		};
/* End PBXProject section */

/* Begin PBXResourcesBuildPhase section */
		869C54BD37DFFE38A56624BF /* Resources */ = {
			isa = PBXResourcesBuildPhase;
			buildActionMask = 2147483647;
			files = (
				2F760D109542A73A9E171BB6 /* Assets.xcassets in Resources */,
				6487CFD83CCDBACD460D6864 /* LANG_EN.jcross in Resources */,
				0E5127FD5E548E540E0F78B4 /* LANG_JA.jcross in Resources */,
				2ADECEA0D5A96A7DA1CF8671 /* fix_buttons.py in Resources */,
			);
			runOnlyForDeploymentPostprocessing = 0;
		};
/* End PBXResourcesBuildPhase section */

/* Begin PBXShellScriptBuildPhase section */
		3C96DA999F96C1224503C197 /* Embed verantyx-browser into App Bundle */ = {
			isa = PBXShellScriptBuildPhase;
			alwaysOutOfDate = 1;
			buildActionMask = 2147483647;
			files = (
			);
			inputFileListPaths = (
			);
			inputPaths = (
			);
			name = "Embed verantyx-browser into App Bundle";
			outputFileListPaths = (
			);
			outputPaths = (
			);
			runOnlyForDeploymentPostprocessing = 0;
			shellPath = /bin/sh;
			shellScript = "set -e\nexport PATH=\"$PATH:$HOME/.cargo/bin\"\n\nBUNDLE_MACOS=\"$BUILT_PRODUCTS_DIR/$PRODUCT_NAME.app/Contents/MacOS\"\nDEST=\"$BUNDLE_MACOS/verantyx-browser\"\n\n# バイナリのソースを探す（優先順）\nBROWSER_DIR=\"$SRCROOT/../verantyx-browser\"\nif [ ! -d \"$BROWSER_DIR\" ]; then\n  echo \"warning: verantyx-browser ディレクトリが見つかりません: $BROWSER_DIR\"\nfi\n\nSRC=\"\"\n# ① Resources/ に既にコピー済みのバイナリ\nif [ -f \"$SRCROOT/Resources/verantyx-browser\" ]; then\n  SRC=\"$SRCROOT/Resources/verantyx-browser\"\n# ② Cargo release\nelif [ -f \"$BROWSER_DIR/target/release/verantyx-browser\" ]; then\n  SRC=\"$BROWSER_DIR/target/release/verantyx-browser\"\n# ③ Cargo debug\nelif [ -f \"$BROWSER_DIR/target/debug/verantyx-browser\" ]; then\n  SRC=\"$BROWSER_DIR/target/debug/verantyx-browser\"\nfi\n\nif [ -z \"$SRC\" ]; then\n  echo \"⚠️  verantyx-browser バイナリが見つかりません。cargo build を先に実行してください。\"\n  echo \"   cd $BROWSER_DIR && cargo build --release -p vx-browser\"\n  exit 0\nfi\n\n# Contents/MacOS/ にコピーして実行権限を付与\nmkdir -p \"$BUNDLE_MACOS\"\ncp -f \"$SRC\" \"$DEST\"\nchmod +x \"$DEST\"\necho \"✅ verantyx-browser → $DEST\"\n";
		};
/* End PBXShellScriptBuildPhase section */

/* Begin PBXSourcesBuildPhase section */
		A6DDCEC14AF707C9CC57E054 /* Sources */ = {
			isa = PBXSourcesBuildPhase;
			buildActionMask = 2147483647;
			files = (
				68D9E9DDCC49B81DFC97C1C3 /* AIModeLayoutView.swift in Sources */,
				F18CCD15A913F15F96F0381A /* ActivityBarView.swift in Sources */,
				80DE4897A50F014CBA6D329A /* AdversarialNoiseEngine.swift in Sources */,
				873D3FC00C4F078899FDC94A /* AgentChatView.swift in Sources */,
				BAA142F996EB155712321FA7 /* AgentEngine.swift in Sources */,
				4F74BBA8D8892CF5A08BFEAC /* AgentLoop.swift in Sources */,
				0823DE084BDF1591DC46122E /* AgentProtocol.swift in Sources */,
				0F2343EF3C5679D871DEC983 /* AgentTool.swift in Sources */,
				767AECB5C753A290ADB44E93 /* AppLanguage.swift in Sources */,
				D38B10B52D88BBB770793AB6 /* AppState.swift in Sources */,
				A6FB0E5DAFC79CA704D67754 /* AppleScriptBridge.swift in Sources */,
				97FF46FD8B90BA8AB99E9E0C /* ArtifactEngine.swift in Sources */,
				48F51C67C99298620A818B17 /* ArtifactPanelView.swift in Sources */,
				EFB61FE0375DABC3AE733DFC /* AttachmentManager.swift in Sources */,
				AFF65A73F924B77D95CD4101 /* BitNetCommanderLoop.swift in Sources */,
				1D1F295ABFF2C56A98DBFC51 /* BitNetEngine.swift in Sources */,
				E20AAC60A7025E03BC9B818A /* BitNetL1Tagger.swift in Sources */,
				049BFE44D04F9FA1E5027996 /* BrowserBridge.swift in Sources */,
				AA206EDCF6346F943DABEAEA /* BrowserBridgePool.swift in Sources */,
				009AA89ACB24F3C04940719B /* CIValidationEngine.swift in Sources */,
				96B9213F6B0070B3B58D8117 /* ChatPanelView.swift in Sources */,
				F50960E5152546904E208F3B /* ChatTranscriptView.swift in Sources */,
				E193B3F257129C787F9BC6E6 /* ClaudeSystemPromptBuilder.swift in Sources */,
				506021C3BDB86670D434BBE7 /* CloudAPIClient.swift in Sources */,
				6CF063A4285D3104180FEE2B /* CodeView.swift in Sources */,
				B884045A274BBF1ED1CC5671 /* CognitiveAnchorEngine.swift in Sources */,
				6BB887B21FC52C9D5FA5BA32 /* CommandManager.swift in Sources */,
				3C8CA19BE1871898914F0107 /* CommanderOrchestrator.swift in Sources */,
				3F9E4EF9271386BF6A52DCD3 /* ConfusionDetector.swift in Sources */,
				9C9ED81BDF308D02E607AF29 /* ContextBudgetManager.swift in Sources */,
				DCE174A0A5C275ADA7206152 /* CortexEngine.swift in Sources */,
				FD5F0162AED44E829748DF5F /* CortexOnboardingSheet.swift in Sources */,
				F999748874AF05602BF67DCB /* Counter.swift in Sources */,
				3AEA0F47626531CB4448C096 /* DiffEngine.swift in Sources */,
				05A047EA46A5C3ACB146C539 /* DiffPanelView.swift in Sources */,
				67220C2AC45C9B70A66D4AF7 /* ExtensionHostManager.swift in Sources */,
				AD8566D92AA33E313920FE16 /* ExtensionStoreView.swift in Sources */,
				B52789DCD8EAE7239166FF93 /* ExtensionUIManager.swift in Sources */,
				6A617297591B18BBB925C31D /* ExtensionUIPanelView.swift in Sources */,
				94555D9271DE23CB6C675172 /* ExtensionWebView.swift in Sources */,
				92E791D6ABFE999BD43BB455 /* FileApprovalRequest.swift in Sources */,
				292F06655B38F087BBD57724 /* FileTreeView.swift in Sources */,
				A068BE0BBA45E5C676FE6B0A /* GatekeeperDashboardView.swift in Sources */,
				CBA8CC0CFC6D568A24779F4E /* GatekeeperDashboardViewModel.swift in Sources */,
				C9E77D6AF352402569B146D8 /* GatekeeperMCPServer.swift in Sources */,
				C83E94430434C73847F73495 /* GatekeeperModeState.swift in Sources */,
				91E75540DE12C2D5817A4F98 /* GatekeeperModeView.swift in Sources */,
				85B7A15BC456245C0297FB00 /* GatekeeperPipelineOrchestrator.swift in Sources */,
				9E8D6A814ED802A47816F3B3 /* GatekeeperStatusPill.swift in Sources */,
				2FD9EF11693270F332F39324 /* GemmaWorkerAgent.swift in Sources */,
				4534A76066B05809D9418D5E /* GitEngine.swift in Sources */,
				9FACB868D7B1ACC2D6C67C17 /* GitHubPREngine.swift in Sources */,
				ACA60910306B6633C64F0331 /* GitPanelView.swift in Sources */,
				677C549E0668E99BB52F8B67 /* GlobalSearchView.swift in Sources */,
				89FE671025F95110FBA5F027 /* HallucinationDetector.swift in Sources */,
				448668BF882942F42622B242 /* HumanPriorityModeView.swift in Sources */,
				A531E331E9BA5755DA223AAB /* HybridEngine.swift in Sources */,
				5D4A7EAAD9BF0D3CF9C33920 /* IRVerificationEngine.swift in Sources */,
				D0FF95C994AB72F0F3FAB887 /* JCrossCodeTranspiler.swift in Sources */,
				CCDDEE998877665544332200 /* JCrossObfuscationEngine.swift in Sources */,
				FFFFFFFFE57ACEAAF497FFEB /* JCrossZAxisVault.swift in Sources */,
				FFFFFFFFA4B25553E3B21D3D /* LiteralExtractor.swift in Sources */,
				FFFFFFFFBF4C184057F40DC2 /* JCrossIR6Axis.swift in Sources */,
				FFFFFFFFBDB7EB41A9406CB7 /* JCrossIRVault.swift in Sources */,
				000000000F85C9D1A8C1F86B /* JCrossIRGenerator.swift in Sources */,
				FFFFFFFF93EB51FF8BC39691 /* JCrossIRPatcher.swift in Sources */,
				AABBCC998877665544332211 /* NSLockExtension.swift in Sources */,
				FC978D5B524A15C148D3752B /* JCrossIRParser.swift in Sources */,
				FEFCB05405C03DAA13B2EC4A /* JCrossPatchValidator.swift in Sources */,
				E10AEE3887CBE00909E0A19A /* JCrossSchemaGenerator.swift in Sources */,
				2A157FE40BA2CAF92EB95439 /* JCrossVault.swift in Sources */,
				D859626ADD63FE4C3A654464 /* L25IndexEngine.swift in Sources */,
				EE74EE6CF57C547F2B8C755B /* LSPClient.swift in Sources */,
				F5B0F3AAA1766CA3332BBF3D /* LanguageDetector.swift in Sources */,
				7C76F52B3661495C92048C93 /* LanguageManager.swift in Sources */,
				9C70A544A0D60735A6DFBE68 /* LoadedModelPanel.swift in Sources */,
				CE28C9ABFAE13B88058FE3BD /* MCPBridgeLauncher.swift in Sources */,
				4EDE4C47715B4E11A8E0F09C /* GlobalTaskSupervisor.swift in Sources */,
				5B95A73EC48D4138BFC3B0EB /* WHYHookInstaller.swift in Sources */,
				8294174FB8595F1ED64FBE22 /* MCPCatalog.swift in Sources */,
				A5350F03EAF2B9602619D5C0 /* MCPEngine.swift in Sources */,
				8459317BDA672E4A74B7A880 /* MCPQuickPanel.swift in Sources */,
				5501BBD59DC8AA6357BA1F92 /* MCPView.swift in Sources */,
				0A63761D3E2C49ED80D1D4A9 /* MLXRunner.swift in Sources */,
				57CC8D875A2870E56B674276 /* MainSplitView.swift in Sources */,
				E5B60910BD05069944CEEFBC /* NotificationNames.swift in Sources */,
				81CDD3782608E05A14C9A31D /* OllamaClient.swift in Sources */,
				A305FA7B458D078C9C91C8B9 /* OllamaNEREngine.swift in Sources */,
				8FFC9E798AF089A6D53B3E2D /* ParanoiaEngine.swift in Sources */,
				3923921A44C6926DA4F00837 /* ParanoiaModeView.swift in Sources */,
				59EAC9E119F8AC2E5605B21B /* PipelineLaunchSheet.swift in Sources */,
				91BD0091831CD3B48278D8C3 /* PreflightSearchEngine.swift in Sources */,
				C800E90F93B8858A3599F8EB /* PrivacyGateway.swift in Sources */,
				FC30D048578E58D554A2F9D5 /* PrivacyProxy.swift in Sources */,
				0D4B76D739C32EFAAC10D844 /* PrivacyShieldView.swift in Sources */,
				2D086BA163E0E928B1279C8D /* ProcessMonitor.swift in Sources */,
				0605DD8BC9404A4E4B4CC5C0 /* ProjectSearchEngine.swift in Sources */,
				2AF33ACDDE0936E1E228EC3F /* ReActRetryEngine.swift in Sources */,
				EED9C02CE7107E3FB30D6391 /* RepoMapEngine.swift in Sources */,
				74716BFE363BFF66BF180656 /* ResizableSplit.swift in Sources */,
				8BA0DCC666802E078E7EFB1F /* RoutingSessionLogger.swift in Sources */,
				5BE112ECAC41ABDF3BB82720 /* SafeModeGuard.swift in Sources */,
				FF66D98B3AE3259064C28D2B /* SearchGate.swift in Sources */,
				613080FA212B52D49E55B8F5 /* SearchIntentClassifier.swift in Sources */,
				594BC611B1DEF191393D59F9 /* SelfEvolutionEngine.swift in Sources */,
				6A1D5B5E20A4404268C75D67 /* SelfEvolutionView.swift in Sources */,
				56C84CFCE34DEB7E57B8F7A6 /* SessionHistoryView.swift in Sources */,
				063C31681BE4EF7B25545E70 /* SessionMemoryArchiver.swift in Sources */,
				A5CE60DC514964475C1E016D /* SessionStore.swift in Sources */,
				01CE941270A2625978ADF74A /* SettingsView.swift in Sources */,
				0DA8357EFE373A06984D6B27 /* SideBySideDiffView.swift in Sources */,
				72662D2EC9F582795A04936C /* SimpleJCrossTranspiler.swift in Sources */,
				CE8DA84E897F3E14549A7FFE /* SkillLibrary.swift in Sources */,
				2B20F7F1B2F19DC07E1559EF /* StatusBarView.swift in Sources */,
				525874995CEE5ACAA12F838A /* SyntaxHighlighter.swift in Sources */,
				3F1B80C6D82B6A3790D91100 /* SystemStatusProvider.swift in Sources */,
				92FCF716C85EB142F0F687C0 /* TerminalPanelView.swift in Sources */,
				F3B24E9BE65F23A9DE26AEE2 /* TerminalRunner.swift in Sources */,
				302978F1B371B48CF5673CC8 /* ThinkingLogView.swift in Sources */,
				3D65C40A8DC505214322CDD0 /* ToastView.swift in Sources */,
				CC3E778B05DF8F656B61629C /* TranspilationPipeline.swift in Sources */,
				5569CAB30AF2182A310F2EEC /* VSIXPackageManager.swift in Sources */,
				FBC092ADE581586CB3217611 /* VXMarkView.swift in Sources */,
				7CA969BFE91C612D890DBE8B /* VXTimeline.swift in Sources */,
				830E1B4FD07FA788D91A09C0 /* VerantyxApp.swift in Sources */,
				38463790F63CCF562DE29226 /* WebSearchEngine.swift in Sources */,
				EE363EE394F30B118F9860E1 /* WorkspaceFileSystem.swift in Sources */,
				582245E341F93D3E1ECE5CBF /* WorkspaceManager.swift in Sources */,
				B45B91B1E8B74BEC9368674D /* GatekeeperLLMProvider.swift in Sources */,
				9EB064D5F7759F91D80010F2 /* GatekeeperChatBridge.swift in Sources */,
				AFC9594BCFC04877B45CE8D3 /* GatekeeperPipeline.swift in Sources */,
				D192605352E34548995FAB7F /* GatekeeperPipelineSettingsView.swift in Sources */,
				116243C0847D450C995458A0 /* BitNetIntentTranslator.swift in Sources */,
				0F048CDC423D4D2199EF12CE /* VaultPatcher.swift in Sources */,
				28F98E2050AE4CFB91598A2A /* GatekeeperPromptBuilder.swift in Sources */,
				FBB199AFD6094D13972BA142 /* GatekeeperMemoryProtocol.swift in Sources */,
				79B9E40D24E24D7FBE441055 /* JCross3DGraph.swift in Sources */,
				5F68DE6E859934383518EAE3 /* VideoSpinnerView.swift in Sources */,
				BEF9F14817B22033B7C21FF3 /* LineNumberRulerView.swift in Sources */,
				4CA514393373A7E7EA4023DC /* HumanProofPuzzleView.swift in Sources */,
				B54F640122EABF79E5A97241 /* QwenVideoAnalyzer.swift in Sources */,
				BDA3395893352F98E06E14CB /* VideoClipManager.swift in Sources */,
				77111CABD5E81DE95EFB8144 /* SelfUpdater.swift in Sources */,
			);
			runOnlyForDeploymentPostprocessing = 0;
		};
/* End PBXSourcesBuildPhase section */

/* Begin XCBuildConfiguration section */
		28CEC8112FB3F21CC6D570B4 /* Release */ = {
			isa = XCBuildConfiguration;
			buildSettings = {
				ALWAYS_SEARCH_USER_PATHS = NO;
				CLANG_ANALYZER_NONNULL = YES;
				CLANG_ANALYZER_NUMBER_OBJECT_CONVERSION = YES_AGGRESSIVE;
				CLANG_CXX_LANGUAGE_STANDARD = "gnu++14";
				CLANG_CXX_LIBRARY = "libc++";
				CLANG_ENABLE_MODULES = YES;
				CLANG_ENABLE_OBJC_ARC = YES;
				CLANG_ENABLE_OBJC_WEAK = YES;
				CLANG_WARN_BLOCK_CAPTURE_AUTORELEASING = YES;
				CLANG_WARN_BOOL_CONVERSION = YES;
				CLANG_WARN_COMMA = YES;
				CLANG_WARN_CONSTANT_CONVERSION = YES;
				CLANG_WARN_DEPRECATED_OBJC_IMPLEMENTATIONS = YES;
				CLANG_WARN_DIRECT_OBJC_ISA_USAGE = YES_ERROR;
				CLANG_WARN_DOCUMENTATION_COMMENTS = YES;
				CLANG_WARN_EMPTY_BODY = YES;
				CLANG_WARN_ENUM_CONVERSION = YES;
				CLANG_WARN_INFINITE_RECURSION = YES;
				CLANG_WARN_INT_CONVERSION = YES;
				CLANG_WARN_NON_LITERAL_NULL_CONVERSION = YES;
				CLANG_WARN_OBJC_IMPLICIT_RETAIN_SELF = YES;
				CLANG_WARN_OBJC_LITERAL_CONVERSION = YES;
				CLANG_WARN_OBJC_ROOT_CLASS = YES_ERROR;
				CLANG_WARN_QUOTED_INCLUDE_IN_FRAMEWORK_HEADER = YES;
				CLANG_WARN_RANGE_LOOP_ANALYSIS = YES;
				CLANG_WARN_STRICT_PROTOTYPES = YES;
				CLANG_WARN_SUSPICIOUS_MOVE = YES;
				CLANG_WARN_UNGUARDED_AVAILABILITY = YES_AGGRESSIVE;
				CLANG_WARN_UNREACHABLE_CODE = YES;
				CLANG_WARN__DUPLICATE_METHOD_MATCH = YES;
				CODE_SIGN_ENTITLEMENTS = "";
				COPY_PHASE_STRIP = NO;
				DEBUG_INFORMATION_FORMAT = "dwarf-with-dsym";
				ENABLE_APP_SANDBOX = NO;
				ENABLE_NS_ASSERTIONS = NO;
				ENABLE_STRICT_OBJC_MSGSEND = YES;
				GCC_C_LANGUAGE_STANDARD = gnu11;
				GCC_NO_COMMON_BLOCKS = YES;
				GCC_WARN_64_TO_32_BIT_CONVERSION = YES;
				GCC_WARN_ABOUT_RETURN_TYPE = YES_ERROR;
				GCC_WARN_UNDECLARED_SELECTOR = YES;
				GCC_WARN_UNINITIALIZED_AUTOS = YES_AGGRESSIVE;
				GCC_WARN_UNUSED_FUNCTION = YES;
				GCC_WARN_UNUSED_VARIABLE = YES;
				MACOSX_DEPLOYMENT_TARGET = 14.0;
				MTL_ENABLE_DEBUG_INFO = NO;
				MTL_FAST_MATH = YES;
				PRODUCT_BUNDLE_IDENTIFIER = com.verantyx.ide;
				PRODUCT_NAME = Verantyx;
				SDKROOT = macosx;
				SWIFT_COMPILATION_MODE = wholemodule;
				SWIFT_OPTIMIZATION_LEVEL = "-O";
				SWIFT_VERSION = 5.9;
			};
			name = Release;
		};
		34CF3285CF3A74A6CBAAD780 /* Debug */ = {
			isa = XCBuildConfiguration;
			buildSettings = {
				ASSETCATALOG_COMPILER_APPICON_NAME = AppIcon;
				CODE_SIGN_ENTITLEMENTS = Sources/Verantyx/Verantyx.entitlements;
				CODE_SIGN_STYLE = Automatic;
				COMBINE_HIDPI_IMAGES = YES;
				ENABLE_APP_SANDBOX = NO;
				ENABLE_HARDENED_RUNTIME = YES;
				INFOPLIST_FILE = Sources/Verantyx/Info.plist;
				LD_RUNPATH_SEARCH_PATHS = (
					"$(inherited)",
					"@executable_path/../Frameworks",
				);
				PRODUCT_BUNDLE_IDENTIFIER = com.verantyx.ide;
				SDKROOT = macosx;
			};
			name = Debug;
		};
		B185CB9D8BEFE3F3B3B21A5C /* Release */ = {
			isa = XCBuildConfiguration;
			buildSettings = {
				ASSETCATALOG_COMPILER_APPICON_NAME = AppIcon;
				CODE_SIGN_ENTITLEMENTS = Sources/Verantyx/Verantyx.entitlements;
				CODE_SIGN_STYLE = Automatic;
				COMBINE_HIDPI_IMAGES = YES;
				ENABLE_APP_SANDBOX = NO;
				ENABLE_HARDENED_RUNTIME = YES;
				INFOPLIST_FILE = Sources/Verantyx/Info.plist;
				LD_RUNPATH_SEARCH_PATHS = (
					"$(inherited)",
					"@executable_path/../Frameworks",
				);
				PRODUCT_BUNDLE_IDENTIFIER = com.verantyx.ide;
				SDKROOT = macosx;
			};
			name = Release;
		};
		F171F317D254B3E72A140B5C /* Debug */ = {
			isa = XCBuildConfiguration;
			buildSettings = {
				ALWAYS_SEARCH_USER_PATHS = NO;
				CLANG_ANALYZER_NONNULL = YES;
				CLANG_ANALYZER_NUMBER_OBJECT_CONVERSION = YES_AGGRESSIVE;
				CLANG_CXX_LANGUAGE_STANDARD = "gnu++14";
				CLANG_CXX_LIBRARY = "libc++";
				CLANG_ENABLE_MODULES = YES;
				CLANG_ENABLE_OBJC_ARC = YES;
				CLANG_ENABLE_OBJC_WEAK = YES;
				CLANG_WARN_BLOCK_CAPTURE_AUTORELEASING = YES;
				CLANG_WARN_BOOL_CONVERSION = YES;
				CLANG_WARN_COMMA = YES;
				CLANG_WARN_CONSTANT_CONVERSION = YES;
				CLANG_WARN_DEPRECATED_OBJC_IMPLEMENTATIONS = YES;
				CLANG_WARN_DIRECT_OBJC_ISA_USAGE = YES_ERROR;
				CLANG_WARN_DOCUMENTATION_COMMENTS = YES;
				CLANG_WARN_EMPTY_BODY = YES;
				CLANG_WARN_ENUM_CONVERSION = YES;
				CLANG_WARN_INFINITE_RECURSION = YES;
				CLANG_WARN_INT_CONVERSION = YES;
				CLANG_WARN_NON_LITERAL_NULL_CONVERSION = YES;
				CLANG_WARN_OBJC_IMPLICIT_RETAIN_SELF = YES;
				CLANG_WARN_OBJC_LITERAL_CONVERSION = YES;
				CLANG_WARN_OBJC_ROOT_CLASS = YES_ERROR;
				CLANG_WARN_QUOTED_INCLUDE_IN_FRAMEWORK_HEADER = YES;
				CLANG_WARN_RANGE_LOOP_ANALYSIS = YES;
				CLANG_WARN_STRICT_PROTOTYPES = YES;
				CLANG_WARN_SUSPICIOUS_MOVE = YES;
				CLANG_WARN_UNGUARDED_AVAILABILITY = YES_AGGRESSIVE;
				CLANG_WARN_UNREACHABLE_CODE = YES;
				CLANG_WARN__DUPLICATE_METHOD_MATCH = YES;
				CODE_SIGN_ENTITLEMENTS = "";
				COPY_PHASE_STRIP = NO;
				DEBUG_INFORMATION_FORMAT = dwarf;
				ENABLE_APP_SANDBOX = NO;
				ENABLE_STRICT_OBJC_MSGSEND = YES;
				ENABLE_TESTABILITY = YES;
				GCC_C_LANGUAGE_STANDARD = gnu11;
				GCC_DYNAMIC_NO_PIC = NO;
				GCC_NO_COMMON_BLOCKS = YES;
				GCC_OPTIMIZATION_LEVEL = 0;
				GCC_PREPROCESSOR_DEFINITIONS = (
					"$(inherited)",
					"DEBUG=1",
				);
				GCC_WARN_64_TO_32_BIT_CONVERSION = YES;
				GCC_WARN_ABOUT_RETURN_TYPE = YES_ERROR;
				GCC_WARN_UNDECLARED_SELECTOR = YES;
				GCC_WARN_UNINITIALIZED_AUTOS = YES_AGGRESSIVE;
				GCC_WARN_UNUSED_FUNCTION = YES;
				GCC_WARN_UNUSED_VARIABLE = YES;
				MACOSX_DEPLOYMENT_TARGET = 14.0;
				MTL_ENABLE_DEBUG_INFO = INCLUDE_SOURCE;
				MTL_FAST_MATH = YES;
				ONLY_ACTIVE_ARCH = YES;
				PRODUCT_BUNDLE_IDENTIFIER = com.verantyx.ide;
				PRODUCT_NAME = Verantyx;
				SDKROOT = macosx;
				SWIFT_ACTIVE_COMPILATION_CONDITIONS = DEBUG;
				SWIFT_OPTIMIZATION_LEVEL = "-Onone";
				SWIFT_VERSION = 5.9;
			};
			name = Debug;
		};
/* End XCBuildConfiguration section */

/* Begin XCConfigurationList section */
		79E04AD3856679EEFB1C270B /* Build configuration list for PBXNativeTarget "Verantyx" */ = {
			isa = XCConfigurationList;
			buildConfigurations = (
				34CF3285CF3A74A6CBAAD780 /* Debug */,
				B185CB9D8BEFE3F3B3B21A5C /* Release */,
			);
			defaultConfigurationIsVisible = 0;
			defaultConfigurationName = Debug;
		};
		C88462B890709BC2774DE9BE /* Build configuration list for PBXProject "Verantyx" */ = {
			isa = XCConfigurationList;
			buildConfigurations = (
				F171F317D254B3E72A140B5C /* Debug */,
				28CEC8112FB3F21CC6D570B4 /* Release */,
			);
			defaultConfigurationIsVisible = 0;
			defaultConfigurationName = Debug;
		};
/* End XCConfigurationList section */

/* Begin XCRemoteSwiftPackageReference section */
		215603989B65D2DB9B14270D /* XCRemoteSwiftPackageReference "mlx-swift-examples" */ = {
			isa = XCRemoteSwiftPackageReference;
			repositoryURL = "https://github.com/ml-explore/mlx-swift-examples";
			requirement = {
				kind = upToNextMajorVersion;
				minimumVersion = 2.21.0;
			};
		};
		63D1B2D7DF90BC507ED2CEB8 /* XCRemoteSwiftPackageReference "mlx-swift" */ = {
			isa = XCRemoteSwiftPackageReference;
			repositoryURL = "https://github.com/ml-explore/mlx-swift";
			requirement = {
				kind = upToNextMajorVersion;
				minimumVersion = 0.21.0;
			};
		};
		DAE191BA1D74215883383547 /* XCRemoteSwiftPackageReference "swift-transformers" */ = {
			isa = XCRemoteSwiftPackageReference;
			repositoryURL = "https://github.com/huggingface/swift-transformers";
			requirement = {
				kind = upToNextMajorVersion;
				minimumVersion = 0.1.15;
			};
		};
/* End XCRemoteSwiftPackageReference section */

/* Begin XCSwiftPackageProductDependency section */
		4B24BD083022CA071C0C39AE /* Transformers */ = {
			isa = XCSwiftPackageProductDependency;
			package = DAE191BA1D74215883383547 /* XCRemoteSwiftPackageReference "swift-transformers" */;
			productName = Transformers;
		};
		A68E46F8CFDC14DEF2D55FC5 /* MLXRandom */ = {
			isa = XCSwiftPackageProductDependency;
			package = 63D1B2D7DF90BC507ED2CEB8 /* XCRemoteSwiftPackageReference "mlx-swift" */;
			productName = MLXRandom;
		};
		AD2463FBE07B767ADB2B3207 /* MLXLLM */ = {
			isa = XCSwiftPackageProductDependency;
			package = 215603989B65D2DB9B14270D /* XCRemoteSwiftPackageReference "mlx-swift-examples" */;
			productName = MLXLLM;
		};
		E7B730AC2C30A6B4C265330D /* MLX */ = {
			isa = XCSwiftPackageProductDependency;
			package = 63D1B2D7DF90BC507ED2CEB8 /* XCRemoteSwiftPackageReference "mlx-swift" */;
			productName = MLX;
		};
/* End XCSwiftPackageProductDependency section */
	};
	rootObject = F70212F399422283187C0074 /* Project object */;
}
